// !$*UTF8*$!
{
	archiveVersion = 1;
	classes = {
	};
	objectVersion = 56;
	objects = {

/* Begin PBXBuildFile section */
		5110C6322AE5B028002742D0 /* CalendarUtilities.swift in Sources */ = {isa = PBXBuildFile; fileRef = 5110C6312AE5B028002742D0 /* CalendarUtilities.swift */; };
		5110C6342AE5DA70002742D0 /* StyleUtilities.swift in Sources */ = {isa = PBXBuildFile; fileRef = 5110C6332AE5DA70002742D0 /* StyleUtilities.swift */; };
		5110C6362AE5DE7D002742D0 /* FeatureFlags.swift in Sources */ = {isa = PBXBuildFile; fileRef = 5110C6352AE5DE7D002742D0 /* FeatureFlags.swift */; };
		5110C6382AE5E378002742D0 /* PackingListEditSectionRowView.swift in Sources */ = {isa = PBXBuildFile; fileRef = 5110C6372AE5E378002742D0 /* PackingListEditSectionRowView.swift */; };
		5110C63A2AE5E5A6002742D0 /* Item.swift in Sources */ = {isa = PBXBuildFile; fileRef = 5110C6392AE5E5A6002742D0 /* Item.swift */; };
		5110C63C2AE75F55002742D0 /* NotificationUtilities.swift in Sources */ = {isa = PBXBuildFile; fileRef = 5110C63B2AE75F55002742D0 /* NotificationUtilities.swift */; };
		5110C63E2AF5B6FB002742D0 /* UncategorizedPackingView.swift in Sources */ = {isa = PBXBuildFile; fileRef = 5110C63D2AF5B6FB002742D0 /* UncategorizedPackingView.swift */; };
		5110C6402AFD7F45002742D0 /* PackingListEditView.swift in Sources */ = {isa = PBXBuildFile; fileRef = 5110C63F2AFD7F45002742D0 /* PackingListEditView.swift */; };
		5110C6432AFD81C8002742D0 /* PackingListDetailView.swift in Sources */ = {isa = PBXBuildFile; fileRef = 51748B592ADE3B45009E919B /* PackingListDetailView.swift */; };
		5110C6462AFF4279002742D0 /* TaskPackingView.swift in Sources */ = {isa = PBXBuildFile; fileRef = 5110C6452AFF4279002742D0 /* TaskPackingView.swift */; };
		5110C64A2B033734002742D0 /* PackingListApplyDefaultView.swift in Sources */ = {isa = PBXBuildFile; fileRef = 5110C6492B033734002742D0 /* PackingListApplyDefaultView.swift */; };
		51289F1A2AD3B6CD00545115 /* PackingHelperApp.swift in Sources */ = {isa = PBXBuildFile; fileRef = 51289F192AD3B6CD00545115 /* PackingHelperApp.swift */; };
		51289F1C2AD3B6CD00545115 /* ContentView.swift in Sources */ = {isa = PBXBuildFile; fileRef = 51289F1B2AD3B6CD00545115 /* ContentView.swift */; };
		51289F1E2AD3B6CF00545115 /* Assets.xcassets in Resources */ = {isa = PBXBuildFile; fileRef = 51289F1D2AD3B6CF00545115 /* Assets.xcassets */; };
		51289F212AD3B6CF00545115 /* Preview Assets.xcassets in Resources */ = {isa = PBXBuildFile; fileRef = 51289F202AD3B6CF00545115 /* Preview Assets.xcassets */; };
		51289F282AD4DDA500545115 /* TripDetailView.swift in Sources */ = {isa = PBXBuildFile; fileRef = 51289F272AD4DDA500545115 /* TripDetailView.swift */; };
		51289F2C2AD4E19B00545115 /* TripDetailSheet.swift in Sources */ = {isa = PBXBuildFile; fileRef = 51289F2B2AD4E19B00545115 /* TripDetailSheet.swift */; };
		51289F2E2AD4E65800545115 /* TripDetailOverlay.swift in Sources */ = {isa = PBXBuildFile; fileRef = 51289F2D2AD4E65800545115 /* TripDetailOverlay.swift */; };
		51289F312AD4EA5A00545115 /* Trip.swift in Sources */ = {isa = PBXBuildFile; fileRef = 51289F302AD4EA5A00545115 /* Trip.swift */; };
		5132E84A2AE22837002575AC /* PackingAddItemView.swift in Sources */ = {isa = PBXBuildFile; fileRef = 5132E8492AE22837002575AC /* PackingAddItemView.swift */; };
		5132E84C2AE22CA2002575AC /* TripDetailInfoView.swift in Sources */ = {isa = PBXBuildFile; fileRef = 5132E84B2AE22CA2002575AC /* TripDetailInfoView.swift */; };
		5132E84F2AE23AE7002575AC /* DefaultPackingListView.swift in Sources */ = {isa = PBXBuildFile; fileRef = 5132E84E2AE23AE7002575AC /* DefaultPackingListView.swift */; };
		5132E8532AE44BED002575AC /* CategorizedPackingView.swift in Sources */ = {isa = PBXBuildFile; fileRef = 5132E8522AE44BED002575AC /* CategorizedPackingView.swift */; };
		51466B342ADB3EA200258ABB /* TransitionUtilities.swift in Sources */ = {isa = PBXBuildFile; fileRef = 51466B332ADB3EA200258ABB /* TransitionUtilities.swift */; };
		515B859A2AD7693C002D614F /* PreviewContainer.swift in Sources */ = {isa = PBXBuildFile; fileRef = 515B85992AD7693C002D614F /* PreviewContainer.swift */; };
		515B859C2AD76F4C002D614F /* TripSettingsSheet.swift in Sources */ = {isa = PBXBuildFile; fileRef = 515B859B2AD76F4C002D614F /* TripSettingsSheet.swift */; };
		515B859E2AD76F64002D614F /* TripPackingBoxView.swift in Sources */ = {isa = PBXBuildFile; fileRef = 515B859D2AD76F64002D614F /* TripPackingBoxView.swift */; };
		515B85A22AD77273002D614F /* TripEditView.swift in Sources */ = {isa = PBXBuildFile; fileRef = 515B85A12AD77273002D614F /* TripEditView.swift */; };
		515B85A92AD8D28E002D614F /* LocationSelectionView.swift in Sources */ = {isa = PBXBuildFile; fileRef = 515B85A82AD8D28E002D614F /* LocationSelectionView.swift */; };
		515B85AB2AD8D395002D614F /* LocationService.swift in Sources */ = {isa = PBXBuildFile; fileRef = 515B85AA2AD8D395002D614F /* LocationService.swift */; };
		515B85AD2AD8FF45002D614F /* TripLocation.swift in Sources */ = {isa = PBXBuildFile; fileRef = 515B85AC2AD8FF45002D614F /* TripLocation.swift */; };
		51748B532ADCF368009E919B /* PackingEngineCore.swift in Sources */ = {isa = PBXBuildFile; fileRef = 51748B522ADCF368009E919B /* PackingEngineCore.swift */; };
		51748B582ADCF46E009E919B /* PackingRecommendationView.swift in Sources */ = {isa = PBXBuildFile; fileRef = 51748B572ADCF46E009E919B /* PackingRecommendationView.swift */; };
		51748B602ADF8367009E919B /* TripListScrollView.swift in Sources */ = {isa = PBXBuildFile; fileRef = 51748B5F2ADF8367009E919B /* TripListScrollView.swift */; };
		51748B652AE0D514009E919B /* TripDetailHeroView.swift in Sources */ = {isa = PBXBuildFile; fileRef = 51748B642AE0D514009E919B /* TripDetailHeroView.swift */; };
		51748B672AE0DA53009E919B /* ViewModifierUtilities.swift in Sources */ = {isa = PBXBuildFile; fileRef = 51748B662AE0DA53009E919B /* ViewModifierUtilities.swift */; };
		519A53042B4FACC200183CB1 /* ProductSuggestionModel.mlmodel in Sources */ = {isa = PBXBuildFile; fileRef = 519A53032B4FACC200183CB1 /* ProductSuggestionModel.mlmodel */; };
		519B72572ADA06C3009401C0 /* TripListView.swift in Sources */ = {isa = PBXBuildFile; fileRef = 519B72562ADA06C3009401C0 /* TripListView.swift */; };
		519B72592ADA1BF7009401C0 /* PackingList.swift in Sources */ = {isa = PBXBuildFile; fileRef = 519B72582ADA1BF7009401C0 /* PackingList.swift */; };
		519B725B2ADA3535009401C0 /* TripListRowView.swift in Sources */ = {isa = PBXBuildFile; fileRef = 519B725A2ADA3535009401C0 /* TripListRowView.swift */; };
/* End PBXBuildFile section */

/* Begin PBXFileReference section */
		5110C6312AE5B028002742D0 /* CalendarUtilities.swift */ = {isa = PBXFileReference; lastKnownFileType = sourcecode.swift; path = CalendarUtilities.swift; sourceTree = "<group>"; };
		5110C6332AE5DA70002742D0 /* StyleUtilities.swift */ = {isa = PBXFileReference; lastKnownFileType = sourcecode.swift; path = StyleUtilities.swift; sourceTree = "<group>"; };
		5110C6352AE5DE7D002742D0 /* FeatureFlags.swift */ = {isa = PBXFileReference; lastKnownFileType = sourcecode.swift; path = FeatureFlags.swift; sourceTree = "<group>"; };
		5110C6372AE5E378002742D0 /* PackingListEditSectionRowView.swift */ = {isa = PBXFileReference; lastKnownFileType = sourcecode.swift; path = PackingListEditSectionRowView.swift; sourceTree = "<group>"; };
		5110C6392AE5E5A6002742D0 /* Item.swift */ = {isa = PBXFileReference; lastKnownFileType = sourcecode.swift; path = Item.swift; sourceTree = "<group>"; };
		5110C63B2AE75F55002742D0 /* NotificationUtilities.swift */ = {isa = PBXFileReference; lastKnownFileType = sourcecode.swift; path = NotificationUtilities.swift; sourceTree = "<group>"; };
		5110C63D2AF5B6FB002742D0 /* UncategorizedPackingView.swift */ = {isa = PBXFileReference; lastKnownFileType = sourcecode.swift; path = UncategorizedPackingView.swift; sourceTree = "<group>"; };
		5110C63F2AFD7F45002742D0 /* PackingListEditView.swift */ = {isa = PBXFileReference; lastKnownFileType = sourcecode.swift; path = PackingListEditView.swift; sourceTree = "<group>"; };
		5110C6452AFF4279002742D0 /* TaskPackingView.swift */ = {isa = PBXFileReference; lastKnownFileType = sourcecode.swift; path = TaskPackingView.swift; sourceTree = "<group>"; };
		5110C6492B033734002742D0 /* PackingListApplyDefaultView.swift */ = {isa = PBXFileReference; lastKnownFileType = sourcecode.swift; path = PackingListApplyDefaultView.swift; sourceTree = "<group>"; };
		51289F162AD3B6CD00545115 /* PackingHelper.app */ = {isa = PBXFileReference; explicitFileType = wrapper.application; includeInIndex = 0; path = PackingHelper.app; sourceTree = BUILT_PRODUCTS_DIR; };
		51289F192AD3B6CD00545115 /* PackingHelperApp.swift */ = {isa = PBXFileReference; lastKnownFileType = sourcecode.swift; path = PackingHelperApp.swift; sourceTree = "<group>"; };
		51289F1B2AD3B6CD00545115 /* ContentView.swift */ = {isa = PBXFileReference; lastKnownFileType = sourcecode.swift; path = ContentView.swift; sourceTree = "<group>"; };
		51289F1D2AD3B6CF00545115 /* Assets.xcassets */ = {isa = PBXFileReference; lastKnownFileType = folder.assetcatalog; path = Assets.xcassets; sourceTree = "<group>"; };
		51289F202AD3B6CF00545115 /* Preview Assets.xcassets */ = {isa = PBXFileReference; lastKnownFileType = folder.assetcatalog; path = "Preview Assets.xcassets"; sourceTree = "<group>"; };
		51289F272AD4DDA500545115 /* TripDetailView.swift */ = {isa = PBXFileReference; lastKnownFileType = sourcecode.swift; path = TripDetailView.swift; sourceTree = "<group>"; };
		51289F2B2AD4E19B00545115 /* TripDetailSheet.swift */ = {isa = PBXFileReference; lastKnownFileType = sourcecode.swift; path = TripDetailSheet.swift; sourceTree = "<group>"; };
		51289F2D2AD4E65800545115 /* TripDetailOverlay.swift */ = {isa = PBXFileReference; lastKnownFileType = sourcecode.swift; path = TripDetailOverlay.swift; sourceTree = "<group>"; };
		51289F302AD4EA5A00545115 /* Trip.swift */ = {isa = PBXFileReference; lastKnownFileType = sourcecode.swift; path = Trip.swift; sourceTree = "<group>"; };
		5132E8492AE22837002575AC /* PackingAddItemView.swift */ = {isa = PBXFileReference; lastKnownFileType = sourcecode.swift; path = PackingAddItemView.swift; sourceTree = "<group>"; };
		5132E84B2AE22CA2002575AC /* TripDetailInfoView.swift */ = {isa = PBXFileReference; lastKnownFileType = sourcecode.swift; path = TripDetailInfoView.swift; sourceTree = "<group>"; };
		5132E84E2AE23AE7002575AC /* DefaultPackingListView.swift */ = {isa = PBXFileReference; lastKnownFileType = sourcecode.swift; path = DefaultPackingListView.swift; sourceTree = "<group>"; };
		5132E8522AE44BED002575AC /* CategorizedPackingView.swift */ = {isa = PBXFileReference; lastKnownFileType = sourcecode.swift; path = CategorizedPackingView.swift; sourceTree = "<group>"; };
		51466B332ADB3EA200258ABB /* TransitionUtilities.swift */ = {isa = PBXFileReference; lastKnownFileType = sourcecode.swift; path = TransitionUtilities.swift; sourceTree = "<group>"; };
		515B85992AD7693C002D614F /* PreviewContainer.swift */ = {isa = PBXFileReference; lastKnownFileType = sourcecode.swift; path = PreviewContainer.swift; sourceTree = "<group>"; };
		515B859B2AD76F4C002D614F /* TripSettingsSheet.swift */ = {isa = PBXFileReference; lastKnownFileType = sourcecode.swift; path = TripSettingsSheet.swift; sourceTree = "<group>"; };
		515B859D2AD76F64002D614F /* TripPackingBoxView.swift */ = {isa = PBXFileReference; lastKnownFileType = sourcecode.swift; path = TripPackingBoxView.swift; sourceTree = "<group>"; };
		515B85A12AD77273002D614F /* TripEditView.swift */ = {isa = PBXFileReference; lastKnownFileType = sourcecode.swift; path = TripEditView.swift; sourceTree = "<group>"; };
		515B85A82AD8D28E002D614F /* LocationSelectionView.swift */ = {isa = PBXFileReference; lastKnownFileType = sourcecode.swift; path = LocationSelectionView.swift; sourceTree = "<group>"; };
		515B85AA2AD8D395002D614F /* LocationService.swift */ = {isa = PBXFileReference; lastKnownFileType = sourcecode.swift; path = LocationService.swift; sourceTree = "<group>"; };
		515B85AC2AD8FF45002D614F /* TripLocation.swift */ = {isa = PBXFileReference; lastKnownFileType = sourcecode.swift; path = TripLocation.swift; sourceTree = "<group>"; };
		51748B522ADCF368009E919B /* PackingEngineCore.swift */ = {isa = PBXFileReference; lastKnownFileType = sourcecode.swift; path = PackingEngineCore.swift; sourceTree = "<group>"; };
		51748B572ADCF46E009E919B /* PackingRecommendationView.swift */ = {isa = PBXFileReference; lastKnownFileType = sourcecode.swift; path = PackingRecommendationView.swift; sourceTree = "<group>"; };
		51748B592ADE3B45009E919B /* PackingListDetailView.swift */ = {isa = PBXFileReference; lastKnownFileType = sourcecode.swift; path = PackingListDetailView.swift; sourceTree = "<group>"; };
		51748B5F2ADF8367009E919B /* TripListScrollView.swift */ = {isa = PBXFileReference; lastKnownFileType = sourcecode.swift; path = TripListScrollView.swift; sourceTree = "<group>"; };
		51748B642AE0D514009E919B /* TripDetailHeroView.swift */ = {isa = PBXFileReference; lastKnownFileType = sourcecode.swift; path = TripDetailHeroView.swift; sourceTree = "<group>"; };
		51748B662AE0DA53009E919B /* ViewModifierUtilities.swift */ = {isa = PBXFileReference; lastKnownFileType = sourcecode.swift; path = ViewModifierUtilities.swift; sourceTree = "<group>"; };
		519A53032B4FACC200183CB1 /* ProductSuggestionModel.mlmodel */ = {isa = PBXFileReference; lastKnownFileType = file.mlmodel; path = ProductSuggestionModel.mlmodel; sourceTree = "<group>"; };
		519B72562ADA06C3009401C0 /* TripListView.swift */ = {isa = PBXFileReference; lastKnownFileType = sourcecode.swift; path = TripListView.swift; sourceTree = "<group>"; };
		519B72582ADA1BF7009401C0 /* PackingList.swift */ = {isa = PBXFileReference; lastKnownFileType = sourcecode.swift; path = PackingList.swift; sourceTree = "<group>"; };
		519B725A2ADA3535009401C0 /* TripListRowView.swift */ = {isa = PBXFileReference; lastKnownFileType = sourcecode.swift; path = TripListRowView.swift; sourceTree = "<group>"; };
		519B725D2ADB2D94009401C0 /* Symbols.framework */ = {isa = PBXFileReference; lastKnownFileType = wrapper.framework; name = Symbols.framework; path = System/Library/Frameworks/Symbols.framework; sourceTree = SDKROOT; };
/* End PBXFileReference section */

/* Begin PBXFrameworksBuildPhase section */
		51289F132AD3B6CD00545115 /* Frameworks */ = {
			isa = PBXFrameworksBuildPhase;
			buildActionMask = 2147483647;
			files = (
			);
			runOnlyForDeploymentPostprocessing = 0;
		};
/* End PBXFrameworksBuildPhase section */

/* Begin PBXGroup section */
		5110C6412AFD7F76002742D0 /* PackingList */ = {
			isa = PBXGroup;
			children = (
				5110C6442AFF4260002742D0 /* PackingViews */,
				5132E8492AE22837002575AC /* PackingAddItemView.swift */,
				5110C6372AE5E378002742D0 /* PackingListEditSectionRowView.swift */,
				51748B592ADE3B45009E919B /* PackingListDetailView.swift */,
			);
			path = PackingList;
			sourceTree = "<group>";
		};
		5110C6422AFD7FA9002742D0 /* PackingListEdit */ = {
			isa = PBXGroup;
			children = (
				5110C63F2AFD7F45002742D0 /* PackingListEditView.swift */,
				5110C6492B033734002742D0 /* PackingListApplyDefaultView.swift */,
			);
			path = PackingListEdit;
			sourceTree = "<group>";
		};
		5110C6442AFF4260002742D0 /* PackingViews */ = {
			isa = PBXGroup;
			children = (
				5110C63D2AF5B6FB002742D0 /* UncategorizedPackingView.swift */,
				5132E8522AE44BED002575AC /* CategorizedPackingView.swift */,
				5110C6452AFF4279002742D0 /* TaskPackingView.swift */,
			);
			path = PackingViews;
			sourceTree = "<group>";
		};
		51289F0D2AD3B6CD00545115 = {
			isa = PBXGroup;
			children = (
				519A53032B4FACC200183CB1 /* ProductSuggestionModel.mlmodel */,
				51289F192AD3B6CD00545115 /* PackingHelperApp.swift */,
				51289F182AD3B6CD00545115 /* PackingHelper */,
				51289F1D2AD3B6CF00545115 /* Assets.xcassets */,
				51289F172AD3B6CD00545115 /* Products */,
				519B725C2ADB2D94009401C0 /* Frameworks */,
			);
			sourceTree = "<group>";
		};
		51289F172AD3B6CD00545115 /* Products */ = {
			isa = PBXGroup;
			children = (
				51289F162AD3B6CD00545115 /* PackingHelper.app */,
			);
			name = Products;
			sourceTree = "<group>";
		};
		51289F182AD3B6CD00545115 /* PackingHelper */ = {
			isa = PBXGroup;
			children = (
				51289F1F2AD3B6CF00545115 /* Preview Content */,
				515B85A42AD8D1AF002D614F /* PackingEngine */,
				515B85982AD76930002D614F /* Utilities */,
				51289F2F2AD4EA5200545115 /* Models */,
				51289F292AD4E16D00545115 /* Views */,
				5110C6352AE5DE7D002742D0 /* FeatureFlags.swift */,
			);
			path = PackingHelper;
			sourceTree = "<group>";
		};
		51289F1F2AD3B6CF00545115 /* Preview Content */ = {
			isa = PBXGroup;
			children = (
				515B85992AD7693C002D614F /* PreviewContainer.swift */,
				51289F202AD3B6CF00545115 /* Preview Assets.xcassets */,
			);
			path = "Preview Content";
			sourceTree = "<group>";
		};
		51289F292AD4E16D00545115 /* Views */ = {
			isa = PBXGroup;
			children = (
				51289F1B2AD3B6CD00545115 /* ContentView.swift */,
				5132E8482AE22808002575AC /* Packing */,
				51748B552ADCF410009E919B /* Trip */,
			);
			path = Views;
			sourceTree = "<group>";
		};
		51289F2A2AD4E17400545115 /* TripDetail */ = {
			isa = PBXGroup;
			children = (
				51289F272AD4DDA500545115 /* TripDetailView.swift */,
				51748B642AE0D514009E919B /* TripDetailHeroView.swift */,
				5132E84B2AE22CA2002575AC /* TripDetailInfoView.swift */,
				51289F2D2AD4E65800545115 /* TripDetailOverlay.swift */,
				515B85A02AD76F97002D614F /* Sheets */,
			);
			path = TripDetail;
			sourceTree = "<group>";
		};
		51289F2F2AD4EA5200545115 /* Models */ = {
			isa = PBXGroup;
			children = (
				51289F302AD4EA5A00545115 /* Trip.swift */,
				515B85AC2AD8FF45002D614F /* TripLocation.swift */,
				519B72582ADA1BF7009401C0 /* PackingList.swift */,
				5110C6392AE5E5A6002742D0 /* Item.swift */,
			);
			path = Models;
			sourceTree = "<group>";
		};
		5132E8482AE22808002575AC /* Packing */ = {
			isa = PBXGroup;
			children = (
				5132E84E2AE23AE7002575AC /* DefaultPackingListView.swift */,
				5110C6422AFD7FA9002742D0 /* PackingListEdit */,
				5110C6412AFD7F76002742D0 /* PackingList */,
				51748B572ADCF46E009E919B /* PackingRecommendationView.swift */,
			);
			path = Packing;
			sourceTree = "<group>";
		};
		515B85982AD76930002D614F /* Utilities */ = {
			isa = PBXGroup;
			children = (
				515B85AA2AD8D395002D614F /* LocationService.swift */,
				5110C6312AE5B028002742D0 /* CalendarUtilities.swift */,
				51466B332ADB3EA200258ABB /* TransitionUtilities.swift */,
				51748B662AE0DA53009E919B /* ViewModifierUtilities.swift */,
				5110C6332AE5DA70002742D0 /* StyleUtilities.swift */,
				5110C63B2AE75F55002742D0 /* NotificationUtilities.swift */,
			);
			path = Utilities;
			sourceTree = "<group>";
		};
		515B85A02AD76F97002D614F /* Sheets */ = {
			isa = PBXGroup;
			children = (
				51289F2B2AD4E19B00545115 /* TripDetailSheet.swift */,
				515B859B2AD76F4C002D614F /* TripSettingsSheet.swift */,
				515B859D2AD76F64002D614F /* TripPackingBoxView.swift */,
			);
			path = Sheets;
			sourceTree = "<group>";
		};
		515B85A42AD8D1AF002D614F /* PackingEngine */ = {
			isa = PBXGroup;
			children = (
				51748B522ADCF368009E919B /* PackingEngineCore.swift */,
			);
			path = PackingEngine;
			sourceTree = "<group>";
		};
		51748B542ADCF405009E919B /* TripList */ = {
			isa = PBXGroup;
			children = (
				519B72562ADA06C3009401C0 /* TripListView.swift */,
				519B725A2ADA3535009401C0 /* TripListRowView.swift */,
				51748B5F2ADF8367009E919B /* TripListScrollView.swift */,
			);
			path = TripList;
			sourceTree = "<group>";
		};
		51748B552ADCF410009E919B /* Trip */ = {
			isa = PBXGroup;
			children = (
				51289F2A2AD4E17400545115 /* TripDetail */,
				51748B562ADCF439009E919B /* TripEdit */,
				51748B542ADCF405009E919B /* TripList */,
			);
			path = Trip;
			sourceTree = "<group>";
		};
		51748B562ADCF439009E919B /* TripEdit */ = {
			isa = PBXGroup;
			children = (
				515B85A12AD77273002D614F /* TripEditView.swift */,
				515B85A82AD8D28E002D614F /* LocationSelectionView.swift */,
			);
			path = TripEdit;
			sourceTree = "<group>";
		};
		519B725C2ADB2D94009401C0 /* Frameworks */ = {
			isa = PBXGroup;
			children = (
				519B725D2ADB2D94009401C0 /* Symbols.framework */,
			);
			name = Frameworks;
			sourceTree = "<group>";
		};
/* End PBXGroup section */

/* Begin PBXNativeTarget section */
		51289F152AD3B6CD00545115 /* PackingHelper */ = {
			isa = PBXNativeTarget;
			buildConfigurationList = 51289F242AD3B6CF00545115 /* Build configuration list for PBXNativeTarget "PackingHelper" */;
			buildPhases = (
				51289F122AD3B6CD00545115 /* Sources */,
				51289F132AD3B6CD00545115 /* Frameworks */,
				51289F142AD3B6CD00545115 /* Resources */,
			);
			buildRules = (
			);
			dependencies = (
			);
			name = PackingHelper;
			productName = PackingHelper;
			productReference = 51289F162AD3B6CD00545115 /* PackingHelper.app */;
			productType = "com.apple.product-type.application";
		};
/* End PBXNativeTarget section */

/* Begin PBXProject section */
		51289F0E2AD3B6CD00545115 /* Project object */ = {
			isa = PBXProject;
			attributes = {
				BuildIndependentTargetsInParallel = 1;
				KnownAssetTags = (
					New,
				);
				LastSwiftUpdateCheck = 1500;
				LastUpgradeCheck = 1500;
				TargetAttributes = {
					51289F152AD3B6CD00545115 = {
						CreatedOnToolsVersion = 15.0;
					};
				};
			};
			buildConfigurationList = 51289F112AD3B6CD00545115 /* Build configuration list for PBXProject "PackingHelper" */;
			compatibilityVersion = "Xcode 14.0";
			developmentRegion = en;
			hasScannedForEncodings = 0;
			knownRegions = (
				en,
				Base,
			);
			mainGroup = 51289F0D2AD3B6CD00545115;
			productRefGroup = 51289F172AD3B6CD00545115 /* Products */;
			projectDirPath = "";
			projectRoot = "";
			targets = (
				51289F152AD3B6CD00545115 /* PackingHelper */,
			);
		};
/* End PBXProject section */

/* Begin PBXResourcesBuildPhase section */
		51289F142AD3B6CD00545115 /* Resources */ = {
			isa = PBXResourcesBuildPhase;
			buildActionMask = 2147483647;
			files = (
				51289F212AD3B6CF00545115 /* Preview Assets.xcassets in Resources */,
				51289F1E2AD3B6CF00545115 /* Assets.xcassets in Resources */,
			);
			runOnlyForDeploymentPostprocessing = 0;
		};
/* End PBXResourcesBuildPhase section */

/* Begin PBXSourcesBuildPhase section */
		51289F122AD3B6CD00545115 /* Sources */ = {
			isa = PBXSourcesBuildPhase;
			buildActionMask = 2147483647;
			files = (
				5110C6432AFD81C8002742D0 /* PackingListDetailView.swift in Sources */,
				51289F312AD4EA5A00545115 /* Trip.swift in Sources */,
				51748B582ADCF46E009E919B /* PackingRecommendationView.swift in Sources */,
				5132E84F2AE23AE7002575AC /* DefaultPackingListView.swift in Sources */,
				51289F1C2AD3B6CD00545115 /* ContentView.swift in Sources */,
				51748B532ADCF368009E919B /* PackingEngineCore.swift in Sources */,
				51289F1A2AD3B6CD00545115 /* PackingHelperApp.swift in Sources */,
				515B85AD2AD8FF45002D614F /* TripLocation.swift in Sources */,
				51748B652AE0D514009E919B /* TripDetailHeroView.swift in Sources */,
				5132E8532AE44BED002575AC /* CategorizedPackingView.swift in Sources */,
				51289F2E2AD4E65800545115 /* TripDetailOverlay.swift in Sources */,
				515B859C2AD76F4C002D614F /* TripSettingsSheet.swift in Sources */,
				5110C6382AE5E378002742D0 /* PackingListEditSectionRowView.swift in Sources */,
				519B72592ADA1BF7009401C0 /* PackingList.swift in Sources */,
				51289F282AD4DDA500545115 /* TripDetailView.swift in Sources */,
				5132E84A2AE22837002575AC /* PackingAddItemView.swift in Sources */,
				51748B672AE0DA53009E919B /* ViewModifierUtilities.swift in Sources */,
				5110C64A2B033734002742D0 /* PackingListApplyDefaultView.swift in Sources */,
				519B72572ADA06C3009401C0 /* TripListView.swift in Sources */,
				515B859A2AD7693C002D614F /* PreviewContainer.swift in Sources */,
				5110C6462AFF4279002742D0 /* TaskPackingView.swift in Sources */,
				515B85A22AD77273002D614F /* TripEditView.swift in Sources */,
				515B85A92AD8D28E002D614F /* LocationSelectionView.swift in Sources */,
				5110C6362AE5DE7D002742D0 /* FeatureFlags.swift in Sources */,
				51466B342ADB3EA200258ABB /* TransitionUtilities.swift in Sources */,
				5110C6402AFD7F45002742D0 /* PackingListEditView.swift in Sources */,
				5110C6322AE5B028002742D0 /* CalendarUtilities.swift in Sources */,
				5110C6342AE5DA70002742D0 /* StyleUtilities.swift in Sources */,
				519A53042B4FACC200183CB1 /* ProductSuggestionModel.mlmodel in Sources */,
				5110C63C2AE75F55002742D0 /* NotificationUtilities.swift in Sources */,
				515B85AB2AD8D395002D614F /* LocationService.swift in Sources */,
				5132E84C2AE22CA2002575AC /* TripDetailInfoView.swift in Sources */,
				5110C63A2AE5E5A6002742D0 /* Item.swift in Sources */,
				5110C63E2AF5B6FB002742D0 /* UncategorizedPackingView.swift in Sources */,
				51748B602ADF8367009E919B /* TripListScrollView.swift in Sources */,
				515B859E2AD76F64002D614F /* TripPackingBoxView.swift in Sources */,
				519B725B2ADA3535009401C0 /* TripListRowView.swift in Sources */,
				51289F2C2AD4E19B00545115 /* TripDetailSheet.swift in Sources */,
			);
			runOnlyForDeploymentPostprocessing = 0;
		};
/* End PBXSourcesBuildPhase section */

/* Begin XCBuildConfiguration section */
		51289F222AD3B6CF00545115 /* Debug */ = {
			isa = XCBuildConfiguration;
			buildSettings = {
				ALWAYS_SEARCH_USER_PATHS = NO;
				ASSETCATALOG_COMPILER_GENERATE_SWIFT_ASSET_SYMBOL_EXTENSIONS = YES;
				CLANG_ANALYZER_NONNULL = YES;
				CLANG_ANALYZER_NUMBER_OBJECT_CONVERSION = YES_AGGRESSIVE;
				CLANG_CXX_LANGUAGE_STANDARD = "gnu++20";
				CLANG_ENABLE_MODULES = YES;
				CLANG_ENABLE_OBJC_ARC = YES;
				CLANG_ENABLE_OBJC_WEAK = YES;
				CLANG_WARN_BLOCK_CAPTURE_AUTORELEASING = YES;
				CLANG_WARN_BOOL_CONVERSION = YES;
				CLANG_WARN_COMMA = YES;
				CLANG_WARN_CONSTANT_CONVERSION = YES;
				CLANG_WARN_DEPRECATED_OBJC_IMPLEMENTATIONS = YES;
				CLANG_WARN_DIRECT_OBJC_ISA_USAGE = YES_ERROR;
				CLANG_WARN_DOCUMENTATION_COMMENTS = YES;
				CLANG_WARN_EMPTY_BODY = YES;
				CLANG_WARN_ENUM_CONVERSION = YES;
				CLANG_WARN_INFINITE_RECURSION = YES;
				CLANG_WARN_INT_CONVERSION = YES;
				CLANG_WARN_NON_LITERAL_NULL_CONVERSION = YES;
				CLANG_WARN_OBJC_IMPLICIT_RETAIN_SELF = YES;
				CLANG_WARN_OBJC_LITERAL_CONVERSION = YES;
				CLANG_WARN_OBJC_ROOT_CLASS = YES_ERROR;
				CLANG_WARN_QUOTED_INCLUDE_IN_FRAMEWORK_HEADER = YES;
				CLANG_WARN_RANGE_LOOP_ANALYSIS = YES;
				CLANG_WARN_STRICT_PROTOTYPES = YES;
				CLANG_WARN_SUSPICIOUS_MOVE = YES;
				CLANG_WARN_UNGUARDED_AVAILABILITY = YES_AGGRESSIVE;
				CLANG_WARN_UNREACHABLE_CODE = YES;
				CLANG_WARN__DUPLICATE_METHOD_MATCH = YES;
				COPY_PHASE_STRIP = NO;
				DEBUG_INFORMATION_FORMAT = dwarf;
				ENABLE_STRICT_OBJC_MSGSEND = YES;
				ENABLE_TESTABILITY = YES;
				ENABLE_USER_SCRIPT_SANDBOXING = YES;
				GCC_C_LANGUAGE_STANDARD = gnu17;
				GCC_DYNAMIC_NO_PIC = NO;
				GCC_NO_COMMON_BLOCKS = YES;
				GCC_OPTIMIZATION_LEVEL = 0;
				GCC_PREPROCESSOR_DEFINITIONS = (
					"DEBUG=1",
					"$(inherited)",
				);
				GCC_WARN_64_TO_32_BIT_CONVERSION = YES;
				GCC_WARN_ABOUT_RETURN_TYPE = YES_ERROR;
				GCC_WARN_UNDECLARED_SELECTOR = YES;
				GCC_WARN_UNINITIALIZED_AUTOS = YES_AGGRESSIVE;
				GCC_WARN_UNUSED_FUNCTION = YES;
				GCC_WARN_UNUSED_VARIABLE = YES;
				IPHONEOS_DEPLOYMENT_TARGET = 17.0;
				LOCALIZATION_PREFERS_STRING_CATALOGS = YES;
				MTL_ENABLE_DEBUG_INFO = INCLUDE_SOURCE;
				MTL_FAST_MATH = YES;
				ONLY_ACTIVE_ARCH = YES;
				SDKROOT = iphoneos;
				SWIFT_ACTIVE_COMPILATION_CONDITIONS = "DEBUG $(inherited)";
				SWIFT_OPTIMIZATION_LEVEL = "-Onone";
			};
			name = Debug;
		};
		51289F232AD3B6CF00545115 /* Release */ = {
			isa = XCBuildConfiguration;
			buildSettings = {
				ALWAYS_SEARCH_USER_PATHS = NO;
				ASSETCATALOG_COMPILER_GENERATE_SWIFT_ASSET_SYMBOL_EXTENSIONS = YES;
				CLANG_ANALYZER_NONNULL = YES;
				CLANG_ANALYZER_NUMBER_OBJECT_CONVERSION = YES_AGGRESSIVE;
				CLANG_CXX_LANGUAGE_STANDARD = "gnu++20";
				CLANG_ENABLE_MODULES = YES;
				CLANG_ENABLE_OBJC_ARC = YES;
				CLANG_ENABLE_OBJC_WEAK = YES;
				CLANG_WARN_BLOCK_CAPTURE_AUTORELEASING = YES;
				CLANG_WARN_BOOL_CONVERSION = YES;
				CLANG_WARN_COMMA = YES;
				CLANG_WARN_CONSTANT_CONVERSION = YES;
				CLANG_WARN_DEPRECATED_OBJC_IMPLEMENTATIONS = YES;
				CLANG_WARN_DIRECT_OBJC_ISA_USAGE = YES_ERROR;
				CLANG_WARN_DOCUMENTATION_COMMENTS = YES;
				CLANG_WARN_EMPTY_BODY = YES;
				CLANG_WARN_ENUM_CONVERSION = YES;
				CLANG_WARN_INFINITE_RECURSION = YES;
				CLANG_WARN_INT_CONVERSION = YES;
				CLANG_WARN_NON_LITERAL_NULL_CONVERSION = YES;
				CLANG_WARN_OBJC_IMPLICIT_RETAIN_SELF = YES;
				CLANG_WARN_OBJC_LITERAL_CONVERSION = YES;
				CLANG_WARN_OBJC_ROOT_CLASS = YES_ERROR;
				CLANG_WARN_QUOTED_INCLUDE_IN_FRAMEWORK_HEADER = YES;
				CLANG_WARN_RANGE_LOOP_ANALYSIS = YES;
				CLANG_WARN_STRICT_PROTOTYPES = YES;
				CLANG_WARN_SUSPICIOUS_MOVE = YES;
				CLANG_WARN_UNGUARDED_AVAILABILITY = YES_AGGRESSIVE;
				CLANG_WARN_UNREACHABLE_CODE = YES;
				CLANG_WARN__DUPLICATE_METHOD_MATCH = YES;
				COPY_PHASE_STRIP = NO;
				DEBUG_INFORMATION_FORMAT = "dwarf-with-dsym";
				ENABLE_NS_ASSERTIONS = NO;
				ENABLE_STRICT_OBJC_MSGSEND = YES;
				ENABLE_USER_SCRIPT_SANDBOXING = YES;
				GCC_C_LANGUAGE_STANDARD = gnu17;
				GCC_NO_COMMON_BLOCKS = YES;
				GCC_WARN_64_TO_32_BIT_CONVERSION = YES;
				GCC_WARN_ABOUT_RETURN_TYPE = YES_ERROR;
				GCC_WARN_UNDECLARED_SELECTOR = YES;
				GCC_WARN_UNINITIALIZED_AUTOS = YES_AGGRESSIVE;
				GCC_WARN_UNUSED_FUNCTION = YES;
				GCC_WARN_UNUSED_VARIABLE = YES;
				IPHONEOS_DEPLOYMENT_TARGET = 17.0;
				LOCALIZATION_PREFERS_STRING_CATALOGS = YES;
				MTL_ENABLE_DEBUG_INFO = NO;
				MTL_FAST_MATH = YES;
				SDKROOT = iphoneos;
				SWIFT_COMPILATION_MODE = wholemodule;
				VALIDATE_PRODUCT = YES;
			};
			name = Release;
		};
		51289F252AD3B6CF00545115 /* Debug */ = {
			isa = XCBuildConfiguration;
			buildSettings = {
				ASSETCATALOG_COMPILER_APPICON_NAME = AppIcon;
				ASSETCATALOG_COMPILER_GLOBAL_ACCENT_COLOR_NAME = AccentColor;
				CODE_SIGN_IDENTITY = "Apple Development";
				CODE_SIGN_STYLE = Automatic;
				CURRENT_PROJECT_VERSION = 1;
				DEVELOPMENT_ASSET_PATHS = "\"PackingHelper/Preview Content\"";
				DEVELOPMENT_TEAM = 49K677HL7Z;
				ENABLE_PREVIEWS = YES;
				GENERATE_INFOPLIST_FILE = YES;
				INFOPLIST_KEY_LSApplicationCategoryType = "public.app-category.travel";
				INFOPLIST_KEY_UIApplicationSceneManifest_Generation = YES;
				INFOPLIST_KEY_UIApplicationSupportsIndirectInputEvents = YES;
				INFOPLIST_KEY_UILaunchScreen_Generation = YES;
				INFOPLIST_KEY_UISupportedInterfaceOrientations = UIInterfaceOrientationPortrait;
				INFOPLIST_KEY_UISupportedInterfaceOrientations_iPad = "UIInterfaceOrientationLandscapeLeft UIInterfaceOrientationLandscapeRight UIInterfaceOrientationPortrait UIInterfaceOrientationPortraitUpsideDown";
				LD_RUNPATH_SEARCH_PATHS = (
					"$(inherited)",
					"@executable_path/Frameworks",
				);
				MARKETING_VERSION = 1.0;
				"OTHER_SWIFT_FLAGS[arch=*]" = "";
				PRODUCT_BUNDLE_IDENTIFIER = com.toddlouison.PackingHelper;
				PRODUCT_NAME = "$(TARGET_NAME)";
				PROVISIONING_PROFILE_SPECIFIER = "";
				SWIFT_EMIT_LOC_STRINGS = YES;
				SWIFT_VERSION = 5.0;
				TARGETED_DEVICE_FAMILY = "1,2";
			};
			name = Debug;
		};
		51289F262AD3B6CF00545115 /* Release */ = {
			isa = XCBuildConfiguration;
			buildSettings = {
				ASSETCATALOG_COMPILER_APPICON_NAME = AppIcon;
				ASSETCATALOG_COMPILER_GLOBAL_ACCENT_COLOR_NAME = AccentColor;
				CODE_SIGN_IDENTITY = "Apple Development";
				CODE_SIGN_STYLE = Automatic;
				CURRENT_PROJECT_VERSION = 1;
				DEVELOPMENT_ASSET_PATHS = "\"PackingHelper/Preview Content\"";
				DEVELOPMENT_TEAM = 49K677HL7Z;
				ENABLE_PREVIEWS = YES;
				GENERATE_INFOPLIST_FILE = YES;
				INFOPLIST_KEY_LSApplicationCategoryType = "public.app-category.travel";
				INFOPLIST_KEY_UIApplicationSceneManifest_Generation = YES;
				INFOPLIST_KEY_UIApplicationSupportsIndirectInputEvents = YES;
				INFOPLIST_KEY_UILaunchScreen_Generation = YES;
				INFOPLIST_KEY_UISupportedInterfaceOrientations = UIInterfaceOrientationPortrait;
				INFOPLIST_KEY_UISupportedInterfaceOrientations_iPad = "UIInterfaceOrientationLandscapeLeft UIInterfaceOrientationLandscapeRight UIInterfaceOrientationPortrait UIInterfaceOrientationPortraitUpsideDown";
				LD_RUNPATH_SEARCH_PATHS = (
					"$(inherited)",
					"@executable_path/Frameworks",
				);
				MARKETING_VERSION = 1.0;
				PRODUCT_BUNDLE_IDENTIFIER = com.toddlouison.PackingHelper;
				PRODUCT_NAME = "$(TARGET_NAME)";
				PROVISIONING_PROFILE_SPECIFIER = "";
				SWIFT_EMIT_LOC_STRINGS = YES;
				SWIFT_VERSION = 5.0;
				TARGETED_DEVICE_FAMILY = "1,2";
			};
			name = Release;
		};
/* End XCBuildConfiguration section */

/* Begin XCConfigurationList section */
		51289F112AD3B6CD00545115 /* Build configuration list for PBXProject "PackingHelper" */ = {
			isa = XCConfigurationList;
			buildConfigurations = (
				51289F222AD3B6CF00545115 /* Debug */,
				51289F232AD3B6CF00545115 /* Release */,
			);
			defaultConfigurationIsVisible = 0;
			defaultConfigurationName = Release;
		};
		51289F242AD3B6CF00545115 /* Build configuration list for PBXNativeTarget "PackingHelper" */ = {
			isa = XCConfigurationList;
			buildConfigurations = (
				51289F252AD3B6CF00545115 /* Debug */,
				51289F262AD3B6CF00545115 /* Release */,
			);
			defaultConfigurationIsVisible = 0;
			defaultConfigurationName = Release;
		};
/* End XCConfigurationList section */
	};
	rootObject = 51289F0E2AD3B6CD00545115 /* Project object */;
}
