// !$*UTF8*$!
{
	archiveVersion = 1;
	classes = {
	};
	objectVersion = 70;
	objects = {

/* Begin PBXBuildFile section */
		510728112C1FD47300EBF362 /* UserPickerView.swift in Sources */ = {isa = PBXBuildFile; fileRef = 510728102C1FD47300EBF362 /* UserPickerView.swift */; };
		510728132C1FD5D000EBF362 /* UserListView.swift in Sources */ = {isa = PBXBuildFile; fileRef = 510728122C1FD5D000EBF362 /* UserListView.swift */; };
		5107281C2C1FDA1900EBF362 /* UserEditView.swift in Sources */ = {isa = PBXBuildFile; fileRef = 5107281B2C1FDA1900EBF362 /* UserEditView.swift */; };
		510728202C21297C00EBF362 /* UserListRowView.swift in Sources */ = {isa = PBXBuildFile; fileRef = 5107281F2C21297C00EBF362 /* UserListRowView.swift */; };
		5110C6322AE5B028002742D0 /* CalendarUtilities.swift in Sources */ = {isa = PBXBuildFile; fileRef = 5110C6312AE5B028002742D0 /* CalendarUtilities.swift */; };
		5110C6342AE5DA70002742D0 /* StyleUtilities.swift in Sources */ = {isa = PBXBuildFile; fileRef = 5110C6332AE5DA70002742D0 /* StyleUtilities.swift */; };
		5110C6362AE5DE7D002742D0 /* FeatureFlags.swift in Sources */ = {isa = PBXBuildFile; fileRef = 5110C6352AE5DE7D002742D0 /* FeatureFlags.swift */; };
		5110C6382AE5E378002742D0 /* PackingListDetailEditRowView.swift in Sources */ = {isa = PBXBuildFile; fileRef = 5110C6372AE5E378002742D0 /* PackingListDetailEditRowView.swift */; };
		5110C63A2AE5E5A6002742D0 /* Item.swift in Sources */ = {isa = PBXBuildFile; fileRef = 5110C6392AE5E5A6002742D0 /* Item.swift */; };
		5110C63C2AE75F55002742D0 /* NotificationUtilities.swift in Sources */ = {isa = PBXBuildFile; fileRef = 5110C63B2AE75F55002742D0 /* NotificationUtilities.swift */; };
		5110C6402AFD7F45002742D0 /* PackingListEditView.swift in Sources */ = {isa = PBXBuildFile; fileRef = 5110C63F2AFD7F45002742D0 /* PackingListEditView.swift */; };
		5110C6432AFD81C8002742D0 /* PackingListDetailView.swift in Sources */ = {isa = PBXBuildFile; fileRef = 51748B592ADE3B45009E919B /* PackingListDetailView.swift */; };
		5110C64A2B033734002742D0 /* PackingListApplyDefaultView.swift in Sources */ = {isa = PBXBuildFile; fileRef = 5110C6492B033734002742D0 /* PackingListApplyDefaultView.swift */; };
		51289F1A2AD3B6CD00545115 /* PackingHelperApp.swift in Sources */ = {isa = PBXBuildFile; fileRef = 51289F192AD3B6CD00545115 /* PackingHelperApp.swift */; };
		51289F1C2AD3B6CD00545115 /* ContentView.swift in Sources */ = {isa = PBXBuildFile; fileRef = 51289F1B2AD3B6CD00545115 /* ContentView.swift */; };
		51289F1E2AD3B6CF00545115 /* Assets.xcassets in Resources */ = {isa = PBXBuildFile; fileRef = 51289F1D2AD3B6CF00545115 /* Assets.xcassets */; };
		51289F212AD3B6CF00545115 /* Preview Assets.xcassets in Resources */ = {isa = PBXBuildFile; fileRef = 51289F202AD3B6CF00545115 /* Preview Assets.xcassets */; };
		51289F282AD4DDA500545115 /* TripDetailView.swift in Sources */ = {isa = PBXBuildFile; fileRef = 51289F272AD4DDA500545115 /* TripDetailView.swift */; };
		51289F2C2AD4E19B00545115 /* TripDetailSheet.swift in Sources */ = {isa = PBXBuildFile; fileRef = 51289F2B2AD4E19B00545115 /* TripDetailSheet.swift */; };
		51289F2E2AD4E65800545115 /* TripDetailOverlay.swift in Sources */ = {isa = PBXBuildFile; fileRef = 51289F2D2AD4E65800545115 /* TripDetailOverlay.swift */; };
		51289F312AD4EA5A00545115 /* Trip.swift in Sources */ = {isa = PBXBuildFile; fileRef = 51289F302AD4EA5A00545115 /* Trip.swift */; };
		5132E84A2AE22837002575AC /* PackingAddItemView.swift in Sources */ = {isa = PBXBuildFile; fileRef = 5132E8492AE22837002575AC /* PackingAddItemView.swift */; };
		5132E84C2AE22CA2002575AC /* TripDetailInfoView.swift in Sources */ = {isa = PBXBuildFile; fileRef = 5132E84B2AE22CA2002575AC /* TripDetailInfoView.swift */; };
		5132E84F2AE23AE7002575AC /* DefaultPackingListView.swift in Sources */ = {isa = PBXBuildFile; fileRef = 5132E84E2AE23AE7002575AC /* DefaultPackingListView.swift */; };
		5134EC672C05904100862E19 /* TripDetailForecastView.swift in Sources */ = {isa = PBXBuildFile; fileRef = 5134EC662C05904100862E19 /* TripDetailForecastView.swift */; };
		5134EC6A2C06CD3300862E19 /* PackingListSelectionView.swift in Sources */ = {isa = PBXBuildFile; fileRef = 5134EC692C06CD3300862E19 /* PackingListSelectionView.swift */; };
		5134EC6C2C06D90A00862E19 /* PackingListPillView.swift in Sources */ = {isa = PBXBuildFile; fileRef = 5134EC6B2C06D90A00862E19 /* PackingListPillView.swift */; };
		5134EC6E2C08177D00862E19 /* TripDetailSectionView.swift in Sources */ = {isa = PBXBuildFile; fileRef = 5134EC6D2C08177D00862E19 /* TripDetailSectionView.swift */; };
		5134EC752C0EAF8E00862E19 /* User.swift in Sources */ = {isa = PBXBuildFile; fileRef = 5134EC742C0EAF8E00862E19 /* User.swift */; };
		51466B342ADB3EA200258ABB /* TransitionUtilities.swift in Sources */ = {isa = PBXBuildFile; fileRef = 51466B332ADB3EA200258ABB /* TransitionUtilities.swift */; };
		515B859A2AD7693C002D614F /* PreviewContainer.swift in Sources */ = {isa = PBXBuildFile; fileRef = 515B85992AD7693C002D614F /* PreviewContainer.swift */; };
		515B859C2AD76F4C002D614F /* TripSettingsSheet.swift in Sources */ = {isa = PBXBuildFile; fileRef = 515B859B2AD76F4C002D614F /* TripSettingsSheet.swift */; };
		515B859E2AD76F64002D614F /* TripDetailPackingView.swift in Sources */ = {isa = PBXBuildFile; fileRef = 515B859D2AD76F64002D614F /* TripDetailPackingView.swift */; };
		515B85A22AD77273002D614F /* TripEditView.swift in Sources */ = {isa = PBXBuildFile; fileRef = 515B85A12AD77273002D614F /* TripEditView.swift */; };
		515B85A92AD8D28E002D614F /* LocationSelectionView.swift in Sources */ = {isa = PBXBuildFile; fileRef = 515B85A82AD8D28E002D614F /* LocationSelectionView.swift */; };
		515B85AB2AD8D395002D614F /* LocationService.swift in Sources */ = {isa = PBXBuildFile; fileRef = 515B85AA2AD8D395002D614F /* LocationService.swift */; };
		515B85AD2AD8FF45002D614F /* TripLocation.swift in Sources */ = {isa = PBXBuildFile; fileRef = 515B85AC2AD8FF45002D614F /* TripLocation.swift */; };
		51623D762D489C84003E2BF5 /* PackingListFilterSection.swift in Sources */ = {isa = PBXBuildFile; fileRef = 51623D752D489C84003E2BF5 /* PackingListFilterSection.swift */; };
		51623D802D4C5A8F003E2BF5 /* SortOrder.swift in Sources */ = {isa = PBXBuildFile; fileRef = 51623D7F2D4C5A8F003E2BF5 /* SortOrder.swift */; };
		51748B532ADCF368009E919B /* PackingEngineCore.swift in Sources */ = {isa = PBXBuildFile; fileRef = 51748B522ADCF368009E919B /* PackingEngineCore.swift */; };
		51748B582ADCF46E009E919B /* PackingRecommendationView.swift in Sources */ = {isa = PBXBuildFile; fileRef = 51748B572ADCF46E009E919B /* PackingRecommendationView.swift */; };
		51748B602ADF8367009E919B /* TripListScrollView.swift in Sources */ = {isa = PBXBuildFile; fileRef = 51748B5F2ADF8367009E919B /* TripListScrollView.swift */; };
		51748B652AE0D514009E919B /* TripDetailHeroView.swift in Sources */ = {isa = PBXBuildFile; fileRef = 51748B642AE0D514009E919B /* TripDetailHeroView.swift */; };
		51748B672AE0DA53009E919B /* ViewModifierUtilities.swift in Sources */ = {isa = PBXBuildFile; fileRef = 51748B662AE0DA53009E919B /* ViewModifierUtilities.swift */; };
		518AE78B2D25EAEE00F8D8E9 /* OnboardingView.swift in Sources */ = {isa = PBXBuildFile; fileRef = 518AE78A2D25EAE900F8D8E9 /* OnboardingView.swift */; };
		518AE7902D25EC6F00F8D8E9 /* DeveloperMenu.swift in Sources */ = {isa = PBXBuildFile; fileRef = 518AE78F2D25EC6F00F8D8E9 /* DeveloperMenu.swift */; };
		518AE7942D25F85D00F8D8E9 /* UserView.swift in Sources */ = {isa = PBXBuildFile; fileRef = 518AE7932D25F85D00F8D8E9 /* UserView.swift */; };
		518AE7962D25F90000F8D8E9 /* UserGridView.swift in Sources */ = {isa = PBXBuildFile; fileRef = 518AE7952D25F90000F8D8E9 /* UserGridView.swift */; };
		518AE7982D262D5400F8D8E9 /* UnifiedPackingView.swift in Sources */ = {isa = PBXBuildFile; fileRef = 518AE7972D262D5400F8D8E9 /* UnifiedPackingView.swift */; };
		519A53042B4FACC200183CB1 /* ProductSuggestionModel.mlmodel in Sources */ = {isa = PBXBuildFile; fileRef = 519A53032B4FACC200183CB1 /* ProductSuggestionModel.mlmodel */; };
		519B72572ADA06C3009401C0 /* TripListView.swift in Sources */ = {isa = PBXBuildFile; fileRef = 519B72562ADA06C3009401C0 /* TripListView.swift */; };
		519B72592ADA1BF7009401C0 /* PackingList.swift in Sources */ = {isa = PBXBuildFile; fileRef = 519B72582ADA1BF7009401C0 /* PackingList.swift */; };
		519B725B2ADA3535009401C0 /* TripListRowView.swift in Sources */ = {isa = PBXBuildFile; fileRef = 519B725A2ADA3535009401C0 /* TripListRowView.swift */; };
		519C8AB02BFEEFE10008B1B0 /* WeatherUtilities.swift in Sources */ = {isa = PBXBuildFile; fileRef = 519C8AAF2BFEEFE10008B1B0 /* WeatherUtilities.swift */; };
		51AC5FB02C31140600DF83F6 /* MultipackListView.swift in Sources */ = {isa = PBXBuildFile; fileRef = 51AC5FAF2C31140600DF83F6 /* MultipackListView.swift */; };
		51AC5FB22C31B23400DF83F6 /* MultipackView.swift in Sources */ = {isa = PBXBuildFile; fileRef = 51AC5FB12C31B23400DF83F6 /* MultipackView.swift */; };
		51AC5FB42C31B47F00DF83F6 /* CreateListMenu.swift in Sources */ = {isa = PBXBuildFile; fileRef = 51AC5FB32C31B47F00DF83F6 /* CreateListMenu.swift */; };
		51AC5FB72C4326C400DF83F6 /* MissingUsersView.swift in Sources */ = {isa = PBXBuildFile; fileRef = 51AC5FB62C4326C400DF83F6 /* MissingUsersView.swift */; };
		51AC5FBA2C47483600DF83F6 /* RevenueCat in Frameworks */ = {isa = PBXBuildFile; productRef = 51AC5FB92C47483600DF83F6 /* RevenueCat */; };
		51AC5FBC2C47483600DF83F6 /* RevenueCatUI in Frameworks */ = {isa = PBXBuildFile; productRef = 51AC5FBB2C47483600DF83F6 /* RevenueCatUI */; };
		51AC5FC02C4749BF00DF83F6 /* PurchaseManager.swift in Sources */ = {isa = PBXBuildFile; fileRef = 51AC5FBF2C4749BF00DF83F6 /* PurchaseManager.swift */; };
		51AC5FC22C4751F100DF83F6 /* Packing Helper.storekit in Resources */ = {isa = PBXBuildFile; fileRef = 51AC5FC12C4751F100DF83F6 /* Packing Helper.storekit */; };
		51AC5FC72C476F2900DF83F6 /* SubscriptionAwareButton.swift in Sources */ = {isa = PBXBuildFile; fileRef = 51AC5FC62C476F2900DF83F6 /* SubscriptionAwareButton.swift */; };
		51AC5FD62C4CA10600DF83F6 /* PackingListRowView.swift in Sources */ = {isa = PBXBuildFile; fileRef = 51AC5FD52C4CA10600DF83F6 /* PackingListRowView.swift */; };
		51C8BB662C234A77005D2B71 /* SampleData.swift in Sources */ = {isa = PBXBuildFile; fileRef = 51C8BB652C234A77005D2B71 /* SampleData.swift */; };
		51C8BB682C250304005D2B71 /* PackingListDetailEditView.swift in Sources */ = {isa = PBXBuildFile; fileRef = 51C8BB672C250304005D2B71 /* PackingListDetailEditView.swift */; };
		51C8BB6A2C250666005D2B71 /* PackingListDetailEditTabBarView.swift in Sources */ = {isa = PBXBuildFile; fileRef = 51C8BB692C250666005D2B71 /* PackingListDetailEditTabBarView.swift */; };
		51C8BB6C2C251EDB005D2B71 /* PackingAddItemCountPickerView.swift in Sources */ = {isa = PBXBuildFile; fileRef = 51C8BB6B2C251EDB005D2B71 /* PackingAddItemCountPickerView.swift */; };
		51C8BB6F2C251F4E005D2B71 /* EditItemView.swift in Sources */ = {isa = PBXBuildFile; fileRef = 51C8BB6E2C251F4E005D2B71 /* EditItemView.swift */; };
		51C8BB732C25234F005D2B71 /* PackingListDetailItemListView.swift in Sources */ = {isa = PBXBuildFile; fileRef = 51C8BB722C25234F005D2B71 /* PackingListDetailItemListView.swift */; };
		51C8BB762C287A60005D2B71 /* Preferences.swift in Sources */ = {isa = PBXBuildFile; fileRef = 51C8BB752C287A60005D2B71 /* Preferences.swift */; };
		51C8BB832C2A5860005D2B71 /* TripDetailPackingProgressView.swift in Sources */ = {isa = PBXBuildFile; fileRef = 51C8BB822C2A5860005D2B71 /* TripDetailPackingProgressView.swift */; };
		51C8BB872C2A58B1005D2B71 /* TripDetailPackingGaugeRowView.swift in Sources */ = {isa = PBXBuildFile; fileRef = 51C8BB862C2A58B1005D2B71 /* TripDetailPackingGaugeRowView.swift */; };
		51C8BB892C2A5C2B005D2B71 /* UserPickerBaseView.swift in Sources */ = {isa = PBXBuildFile; fileRef = 51C8BB882C2A5C2B005D2B71 /* UserPickerBaseView.swift */; };
		51C8BB8D2C2A67F7005D2B71 /* PackingHelper.storekit in Resources */ = {isa = PBXBuildFile; fileRef = 51C8BB8C2C2A67F7005D2B71 /* PackingHelper.storekit */; };
		51C8BB8F2C2A68E8005D2B71 /* StoreKit.framework in Frameworks */ = {isa = PBXBuildFile; fileRef = 51C8BB8E2C2A68E8005D2B71 /* StoreKit.framework */; };
		51C8BB9B2C2A7B4C005D2B71 /* MultipackListRowView.swift in Sources */ = {isa = PBXBuildFile; fileRef = 51C8BB9A2C2A7B43005D2B71 /* MultipackListRowView.swift */; };
		51C8BBA32C2BA1DB005D2B71 /* DefaultPackingViewListTypeSectionView.swift in Sources */ = {isa = PBXBuildFile; fileRef = 51C8BBA22C2BA1DB005D2B71 /* DefaultPackingViewListTypeSectionView.swift */; };
		51C8BBA62C2BA372005D2B71 /* CollapsibleSection.swift in Sources */ = {isa = PBXBuildFile; fileRef = 51C8BBA52C2BA372005D2B71 /* CollapsibleSection.swift */; };
		51C8BBA82C2CE73B005D2B71 /* ColorUtilities.swift in Sources */ = {isa = PBXBuildFile; fileRef = 51C8BBA72C2CE737005D2B71 /* ColorUtilities.swift */; };
		51C8BBAA2C2D08B7005D2B71 /* UserColorPicker.swift in Sources */ = {isa = PBXBuildFile; fileRef = 51C8BBA92C2D08B7005D2B71 /* UserColorPicker.swift */; };
		51C8BBAC2C2F77C9005D2B71 /* PackingAddItemForGroupView.swift in Sources */ = {isa = PBXBuildFile; fileRef = 51C8BBAB2C2F77C9005D2B71 /* PackingAddItemForGroupView.swift */; };
		51C8BBB02C30799F005D2B71 /* LoggerUtilities.swift in Sources */ = {isa = PBXBuildFile; fileRef = 51C8BBAF2C30799F005D2B71 /* LoggerUtilities.swift */; };
		51C8BBB42C309A31005D2B71 /* MultipackFilterAndSortMenu.swift in Sources */ = {isa = PBXBuildFile; fileRef = 51C8BBB32C309A31005D2B71 /* MultipackFilterAndSortMenu.swift */; };
		51F1B3B72C003A8D009305F9 /* LocationSelectionBoxView.swift in Sources */ = {isa = PBXBuildFile; fileRef = 51F1B3B62C003A8D009305F9 /* LocationSelectionBoxView.swift */; };
/* End PBXBuildFile section */

/* Begin PBXFileReference section */
		510728102C1FD47300EBF362 /* UserPickerView.swift */ = {isa = PBXFileReference; lastKnownFileType = sourcecode.swift; path = UserPickerView.swift; sourceTree = "<group>"; };
		510728122C1FD5D000EBF362 /* UserListView.swift */ = {isa = PBXFileReference; lastKnownFileType = sourcecode.swift; path = UserListView.swift; sourceTree = "<group>"; };
		5107281B2C1FDA1900EBF362 /* UserEditView.swift */ = {isa = PBXFileReference; lastKnownFileType = sourcecode.swift; path = UserEditView.swift; sourceTree = "<group>"; };
		5107281F2C21297C00EBF362 /* UserListRowView.swift */ = {isa = PBXFileReference; lastKnownFileType = sourcecode.swift; path = UserListRowView.swift; sourceTree = "<group>"; };
		510728212C212D5500EBF362 /* Info.plist */ = {isa = PBXFileReference; lastKnownFileType = text.plist; path = Info.plist; sourceTree = "<group>"; };
		5110C6312AE5B028002742D0 /* CalendarUtilities.swift */ = {isa = PBXFileReference; lastKnownFileType = sourcecode.swift; path = CalendarUtilities.swift; sourceTree = "<group>"; };
		5110C6332AE5DA70002742D0 /* StyleUtilities.swift */ = {isa = PBXFileReference; lastKnownFileType = sourcecode.swift; path = StyleUtilities.swift; sourceTree = "<group>"; };
		5110C6352AE5DE7D002742D0 /* FeatureFlags.swift */ = {isa = PBXFileReference; lastKnownFileType = sourcecode.swift; path = FeatureFlags.swift; sourceTree = "<group>"; };
		5110C6372AE5E378002742D0 /* PackingListDetailEditRowView.swift */ = {isa = PBXFileReference; lastKnownFileType = sourcecode.swift; path = PackingListDetailEditRowView.swift; sourceTree = "<group>"; };
		5110C6392AE5E5A6002742D0 /* Item.swift */ = {isa = PBXFileReference; lastKnownFileType = sourcecode.swift; path = Item.swift; sourceTree = "<group>"; };
		5110C63B2AE75F55002742D0 /* NotificationUtilities.swift */ = {isa = PBXFileReference; lastKnownFileType = sourcecode.swift; path = NotificationUtilities.swift; sourceTree = "<group>"; };
		5110C63F2AFD7F45002742D0 /* PackingListEditView.swift */ = {isa = PBXFileReference; lastKnownFileType = sourcecode.swift; path = PackingListEditView.swift; sourceTree = "<group>"; };
		5110C6492B033734002742D0 /* PackingListApplyDefaultView.swift */ = {isa = PBXFileReference; lastKnownFileType = sourcecode.swift; path = PackingListApplyDefaultView.swift; sourceTree = "<group>"; };
		51289F162AD3B6CD00545115 /* PackingHelper.app */ = {isa = PBXFileReference; explicitFileType = wrapper.application; includeInIndex = 0; path = PackingHelper.app; sourceTree = BUILT_PRODUCTS_DIR; };
		51289F192AD3B6CD00545115 /* PackingHelperApp.swift */ = {isa = PBXFileReference; lastKnownFileType = sourcecode.swift; path = PackingHelperApp.swift; sourceTree = "<group>"; };
		51289F1B2AD3B6CD00545115 /* ContentView.swift */ = {isa = PBXFileReference; lastKnownFileType = sourcecode.swift; path = ContentView.swift; sourceTree = "<group>"; };
		51289F1D2AD3B6CF00545115 /* Assets.xcassets */ = {isa = PBXFileReference; lastKnownFileType = folder.assetcatalog; path = Assets.xcassets; sourceTree = "<group>"; };
		51289F202AD3B6CF00545115 /* Preview Assets.xcassets */ = {isa = PBXFileReference; lastKnownFileType = folder.assetcatalog; path = "Preview Assets.xcassets"; sourceTree = "<group>"; };
		51289F272AD4DDA500545115 /* TripDetailView.swift */ = {isa = PBXFileReference; lastKnownFileType = sourcecode.swift; path = TripDetailView.swift; sourceTree = "<group>"; };
		51289F2B2AD4E19B00545115 /* TripDetailSheet.swift */ = {isa = PBXFileReference; lastKnownFileType = sourcecode.swift; path = TripDetailSheet.swift; sourceTree = "<group>"; };
		51289F2D2AD4E65800545115 /* TripDetailOverlay.swift */ = {isa = PBXFileReference; lastKnownFileType = sourcecode.swift; path = TripDetailOverlay.swift; sourceTree = "<group>"; };
		51289F302AD4EA5A00545115 /* Trip.swift */ = {isa = PBXFileReference; lastKnownFileType = sourcecode.swift; path = Trip.swift; sourceTree = "<group>"; };
		5132E8492AE22837002575AC /* PackingAddItemView.swift */ = {isa = PBXFileReference; lastKnownFileType = sourcecode.swift; path = PackingAddItemView.swift; sourceTree = "<group>"; };
		5132E84B2AE22CA2002575AC /* TripDetailInfoView.swift */ = {isa = PBXFileReference; lastKnownFileType = sourcecode.swift; path = TripDetailInfoView.swift; sourceTree = "<group>"; };
		5132E84E2AE23AE7002575AC /* DefaultPackingListView.swift */ = {isa = PBXFileReference; lastKnownFileType = sourcecode.swift; path = DefaultPackingListView.swift; sourceTree = "<group>"; };
		5134EC662C05904100862E19 /* TripDetailForecastView.swift */ = {isa = PBXFileReference; lastKnownFileType = sourcecode.swift; path = TripDetailForecastView.swift; sourceTree = "<group>"; };
		5134EC692C06CD3300862E19 /* PackingListSelectionView.swift */ = {isa = PBXFileReference; lastKnownFileType = sourcecode.swift; path = PackingListSelectionView.swift; sourceTree = "<group>"; };
		5134EC6B2C06D90A00862E19 /* PackingListPillView.swift */ = {isa = PBXFileReference; lastKnownFileType = sourcecode.swift; path = PackingListPillView.swift; sourceTree = "<group>"; };
		5134EC6D2C08177D00862E19 /* TripDetailSectionView.swift */ = {isa = PBXFileReference; lastKnownFileType = sourcecode.swift; path = TripDetailSectionView.swift; sourceTree = "<group>"; };
		5134EC742C0EAF8E00862E19 /* User.swift */ = {isa = PBXFileReference; lastKnownFileType = sourcecode.swift; path = User.swift; sourceTree = "<group>"; };
		51466B332ADB3EA200258ABB /* TransitionUtilities.swift */ = {isa = PBXFileReference; lastKnownFileType = sourcecode.swift; path = TransitionUtilities.swift; sourceTree = "<group>"; };
		515B85992AD7693C002D614F /* PreviewContainer.swift */ = {isa = PBXFileReference; lastKnownFileType = sourcecode.swift; path = PreviewContainer.swift; sourceTree = "<group>"; };
		515B859B2AD76F4C002D614F /* TripSettingsSheet.swift */ = {isa = PBXFileReference; lastKnownFileType = sourcecode.swift; path = TripSettingsSheet.swift; sourceTree = "<group>"; };
		515B859D2AD76F64002D614F /* TripDetailPackingView.swift */ = {isa = PBXFileReference; lastKnownFileType = sourcecode.swift; path = TripDetailPackingView.swift; sourceTree = "<group>"; };
		515B85A12AD77273002D614F /* TripEditView.swift */ = {isa = PBXFileReference; lastKnownFileType = sourcecode.swift; path = TripEditView.swift; sourceTree = "<group>"; };
		515B85A82AD8D28E002D614F /* LocationSelectionView.swift */ = {isa = PBXFileReference; lastKnownFileType = sourcecode.swift; path = LocationSelectionView.swift; sourceTree = "<group>"; };
		515B85AA2AD8D395002D614F /* LocationService.swift */ = {isa = PBXFileReference; lastKnownFileType = sourcecode.swift; path = LocationService.swift; sourceTree = "<group>"; };
		515B85AC2AD8FF45002D614F /* TripLocation.swift */ = {isa = PBXFileReference; lastKnownFileType = sourcecode.swift; path = TripLocation.swift; sourceTree = "<group>"; };
		51623D752D489C84003E2BF5 /* PackingListFilterSection.swift */ = {isa = PBXFileReference; lastKnownFileType = sourcecode.swift; path = PackingListFilterSection.swift; sourceTree = "<group>"; };
		51623D7F2D4C5A8F003E2BF5 /* SortOrder.swift */ = {isa = PBXFileReference; lastKnownFileType = sourcecode.swift; path = SortOrder.swift; sourceTree = "<group>"; };
		51748B522ADCF368009E919B /* PackingEngineCore.swift */ = {isa = PBXFileReference; lastKnownFileType = sourcecode.swift; path = PackingEngineCore.swift; sourceTree = "<group>"; };
		51748B572ADCF46E009E919B /* PackingRecommendationView.swift */ = {isa = PBXFileReference; lastKnownFileType = sourcecode.swift; path = PackingRecommendationView.swift; sourceTree = "<group>"; };
		51748B592ADE3B45009E919B /* PackingListDetailView.swift */ = {isa = PBXFileReference; lastKnownFileType = sourcecode.swift; path = PackingListDetailView.swift; sourceTree = "<group>"; };
		51748B5F2ADF8367009E919B /* TripListScrollView.swift */ = {isa = PBXFileReference; lastKnownFileType = sourcecode.swift; path = TripListScrollView.swift; sourceTree = "<group>"; };
		51748B642AE0D514009E919B /* TripDetailHeroView.swift */ = {isa = PBXFileReference; lastKnownFileType = sourcecode.swift; path = TripDetailHeroView.swift; sourceTree = "<group>"; };
		51748B662AE0DA53009E919B /* ViewModifierUtilities.swift */ = {isa = PBXFileReference; lastKnownFileType = sourcecode.swift; path = ViewModifierUtilities.swift; sourceTree = "<group>"; };
		518AE78A2D25EAE900F8D8E9 /* OnboardingView.swift */ = {isa = PBXFileReference; lastKnownFileType = sourcecode.swift; path = OnboardingView.swift; sourceTree = "<group>"; };
		518AE78F2D25EC6F00F8D8E9 /* DeveloperMenu.swift */ = {isa = PBXFileReference; lastKnownFileType = sourcecode.swift; path = DeveloperMenu.swift; sourceTree = "<group>"; };
		518AE7932D25F85D00F8D8E9 /* UserView.swift */ = {isa = PBXFileReference; lastKnownFileType = sourcecode.swift; path = UserView.swift; sourceTree = "<group>"; };
		518AE7952D25F90000F8D8E9 /* UserGridView.swift */ = {isa = PBXFileReference; lastKnownFileType = sourcecode.swift; path = UserGridView.swift; sourceTree = "<group>"; };
		518AE7972D262D5400F8D8E9 /* UnifiedPackingView.swift */ = {isa = PBXFileReference; lastKnownFileType = sourcecode.swift; path = UnifiedPackingView.swift; sourceTree = "<group>"; };
		519A53032B4FACC200183CB1 /* ProductSuggestionModel.mlmodel */ = {isa = PBXFileReference; lastKnownFileType = file.mlmodel; path = ProductSuggestionModel.mlmodel; sourceTree = "<group>"; };
		519B72562ADA06C3009401C0 /* TripListView.swift */ = {isa = PBXFileReference; lastKnownFileType = sourcecode.swift; path = TripListView.swift; sourceTree = "<group>"; };
		519B72582ADA1BF7009401C0 /* PackingList.swift */ = {isa = PBXFileReference; lastKnownFileType = sourcecode.swift; path = PackingList.swift; sourceTree = "<group>"; };
		519B725A2ADA3535009401C0 /* TripListRowView.swift */ = {isa = PBXFileReference; lastKnownFileType = sourcecode.swift; path = TripListRowView.swift; sourceTree = "<group>"; };
		519B725D2ADB2D94009401C0 /* Symbols.framework */ = {isa = PBXFileReference; lastKnownFileType = wrapper.framework; name = Symbols.framework; path = System/Library/Frameworks/Symbols.framework; sourceTree = SDKROOT; };
		519C8AAE2BFEEB4D0008B1B0 /* PackingHelper.entitlements */ = {isa = PBXFileReference; lastKnownFileType = text.plist.entitlements; path = PackingHelper.entitlements; sourceTree = "<group>"; };
		519C8AAF2BFEEFE10008B1B0 /* WeatherUtilities.swift */ = {isa = PBXFileReference; lastKnownFileType = sourcecode.swift; path = WeatherUtilities.swift; sourceTree = "<group>"; };
		51AC5FAF2C31140600DF83F6 /* MultipackListView.swift */ = {isa = PBXFileReference; lastKnownFileType = sourcecode.swift; path = MultipackListView.swift; sourceTree = "<group>"; };
		51AC5FB12C31B23400DF83F6 /* MultipackView.swift */ = {isa = PBXFileReference; lastKnownFileType = sourcecode.swift; path = MultipackView.swift; sourceTree = "<group>"; };
		51AC5FB32C31B47F00DF83F6 /* CreateListMenu.swift */ = {isa = PBXFileReference; lastKnownFileType = sourcecode.swift; path = CreateListMenu.swift; sourceTree = "<group>"; };
		51AC5FB62C4326C400DF83F6 /* MissingUsersView.swift */ = {isa = PBXFileReference; lastKnownFileType = sourcecode.swift; path = MissingUsersView.swift; sourceTree = "<group>"; };
		51AC5FBF2C4749BF00DF83F6 /* PurchaseManager.swift */ = {isa = PBXFileReference; lastKnownFileType = sourcecode.swift; path = PurchaseManager.swift; sourceTree = "<group>"; };
		51AC5FC12C4751F100DF83F6 /* Packing Helper.storekit */ = {isa = PBXFileReference; lastKnownFileType = text; path = "Packing Helper.storekit"; sourceTree = "<group>"; };
		51AC5FC62C476F2900DF83F6 /* SubscriptionAwareButton.swift */ = {isa = PBXFileReference; lastKnownFileType = sourcecode.swift; path = SubscriptionAwareButton.swift; sourceTree = "<group>"; };
		51AC5FD52C4CA10600DF83F6 /* PackingListRowView.swift */ = {isa = PBXFileReference; lastKnownFileType = sourcecode.swift; path = PackingListRowView.swift; sourceTree = "<group>"; };
		51C8BB652C234A77005D2B71 /* SampleData.swift */ = {isa = PBXFileReference; lastKnownFileType = sourcecode.swift; path = SampleData.swift; sourceTree = "<group>"; };
		51C8BB672C250304005D2B71 /* PackingListDetailEditView.swift */ = {isa = PBXFileReference; lastKnownFileType = sourcecode.swift; path = PackingListDetailEditView.swift; sourceTree = "<group>"; };
		51C8BB692C250666005D2B71 /* PackingListDetailEditTabBarView.swift */ = {isa = PBXFileReference; lastKnownFileType = sourcecode.swift; path = PackingListDetailEditTabBarView.swift; sourceTree = "<group>"; };
		51C8BB6B2C251EDB005D2B71 /* PackingAddItemCountPickerView.swift */ = {isa = PBXFileReference; lastKnownFileType = sourcecode.swift; path = PackingAddItemCountPickerView.swift; sourceTree = "<group>"; };
		51C8BB6E2C251F4E005D2B71 /* EditItemView.swift */ = {isa = PBXFileReference; lastKnownFileType = sourcecode.swift; path = EditItemView.swift; sourceTree = "<group>"; };
		51C8BB722C25234F005D2B71 /* PackingListDetailItemListView.swift */ = {isa = PBXFileReference; lastKnownFileType = sourcecode.swift; path = PackingListDetailItemListView.swift; sourceTree = "<group>"; };
		51C8BB752C287A60005D2B71 /* Preferences.swift */ = {isa = PBXFileReference; lastKnownFileType = sourcecode.swift; path = Preferences.swift; sourceTree = "<group>"; };
		51C8BB822C2A5860005D2B71 /* TripDetailPackingProgressView.swift */ = {isa = PBXFileReference; lastKnownFileType = sourcecode.swift; path = TripDetailPackingProgressView.swift; sourceTree = "<group>"; };
		51C8BB862C2A58B1005D2B71 /* TripDetailPackingGaugeRowView.swift */ = {isa = PBXFileReference; lastKnownFileType = sourcecode.swift; path = TripDetailPackingGaugeRowView.swift; sourceTree = "<group>"; };
		51C8BB882C2A5C2B005D2B71 /* UserPickerBaseView.swift */ = {isa = PBXFileReference; lastKnownFileType = sourcecode.swift; path = UserPickerBaseView.swift; sourceTree = "<group>"; };
		51C8BB8C2C2A67F7005D2B71 /* PackingHelper.storekit */ = {isa = PBXFileReference; lastKnownFileType = text; path = PackingHelper.storekit; sourceTree = "<group>"; };
		51C8BB8E2C2A68E8005D2B71 /* StoreKit.framework */ = {isa = PBXFileReference; lastKnownFileType = wrapper.framework; name = StoreKit.framework; path = System/Library/Frameworks/StoreKit.framework; sourceTree = SDKROOT; };
		51C8BB9A2C2A7B43005D2B71 /* MultipackListRowView.swift */ = {isa = PBXFileReference; lastKnownFileType = sourcecode.swift; path = MultipackListRowView.swift; sourceTree = "<group>"; };
		51C8BBA22C2BA1DB005D2B71 /* DefaultPackingViewListTypeSectionView.swift */ = {isa = PBXFileReference; lastKnownFileType = sourcecode.swift; path = DefaultPackingViewListTypeSectionView.swift; sourceTree = "<group>"; };
		51C8BBA52C2BA372005D2B71 /* CollapsibleSection.swift */ = {isa = PBXFileReference; lastKnownFileType = sourcecode.swift; path = CollapsibleSection.swift; sourceTree = "<group>"; };
		51C8BBA72C2CE737005D2B71 /* ColorUtilities.swift */ = {isa = PBXFileReference; lastKnownFileType = sourcecode.swift; path = ColorUtilities.swift; sourceTree = "<group>"; };
		51C8BBA92C2D08B7005D2B71 /* UserColorPicker.swift */ = {isa = PBXFileReference; lastKnownFileType = sourcecode.swift; path = UserColorPicker.swift; sourceTree = "<group>"; };
		51C8BBAB2C2F77C9005D2B71 /* PackingAddItemForGroupView.swift */ = {isa = PBXFileReference; lastKnownFileType = sourcecode.swift; path = PackingAddItemForGroupView.swift; sourceTree = "<group>"; };
		51C8BBAF2C30799F005D2B71 /* LoggerUtilities.swift */ = {isa = PBXFileReference; lastKnownFileType = sourcecode.swift; path = LoggerUtilities.swift; sourceTree = "<group>"; };
		51C8BBB32C309A31005D2B71 /* MultipackFilterAndSortMenu.swift */ = {isa = PBXFileReference; lastKnownFileType = sourcecode.swift; path = MultipackFilterAndSortMenu.swift; sourceTree = "<group>"; };
		51F1B3B62C003A8D009305F9 /* LocationSelectionBoxView.swift */ = {isa = PBXFileReference; lastKnownFileType = sourcecode.swift; path = LocationSelectionBoxView.swift; sourceTree = "<group>"; };
/* End PBXFileReference section */

/* Begin PBXFileSystemSynchronizedBuildFileExceptionSet section */
		51AC5FD22C48ACB300DF83F6 /* PBXFileSystemSynchronizedBuildFileExceptionSet */ = {
			isa = PBXFileSystemSynchronizedBuildFileExceptionSet;
			membershipExceptions = (
				PackingHelperPlusCTA.swift,
				PackingHelperPlusStoreView.swift,
				PackingHelperPlusViews.swift,
			);
			target = 51289F152AD3B6CD00545115 /* PackingHelper */;
		};
		51C8BB792C287F68005D2B71 /* PBXFileSystemSynchronizedBuildFileExceptionSet */ = {
			isa = PBXFileSystemSynchronizedBuildFileExceptionSet;
			membershipExceptions = (
				SettingsView.swift,
			);
			target = 51289F152AD3B6CD00545115 /* PackingHelper */;
		};
/* End PBXFileSystemSynchronizedBuildFileExceptionSet section */

/* Begin PBXFileSystemSynchronizedRootGroup section */
		51AC5FCE2C48ACB300DF83F6 /* Shop */ = {isa = PBXFileSystemSynchronizedRootGroup; exceptions = (51AC5FD22C48ACB300DF83F6 /* PBXFileSystemSynchronizedBuildFileExceptionSet */, ); explicitFileTypes = {}; explicitFolders = (); path = Shop; sourceTree = "<group>"; };
		51C8BB782C287F68005D2B71 /* Settings */ = {isa = PBXFileSystemSynchronizedRootGroup; exceptions = (51C8BB792C287F68005D2B71 /* PBXFileSystemSynchronizedBuildFileExceptionSet */, ); explicitFileTypes = {}; explicitFolders = (); path = Settings; sourceTree = "<group>"; };
/* End PBXFileSystemSynchronizedRootGroup section */

/* Begin PBXFrameworksBuildPhase section */
		51289F132AD3B6CD00545115 /* Frameworks */ = {
			isa = PBXFrameworksBuildPhase;
			buildActionMask = 2147483647;
			files = (
				51AC5FBA2C47483600DF83F6 /* RevenueCat in Frameworks */,
				51C8BB8F2C2A68E8005D2B71 /* StoreKit.framework in Frameworks */,
				51AC5FBC2C47483600DF83F6 /* RevenueCatUI in Frameworks */,
			);
			runOnlyForDeploymentPostprocessing = 0;
		};
/* End PBXFrameworksBuildPhase section */

/* Begin PBXGroup section */
		5107280F2C1FD46700EBF362 /* Users */ = {
			isa = PBXGroup;
			children = (
				518AE7912D25F81900F8D8E9 /* Components */,
				510728102C1FD47300EBF362 /* UserPickerView.swift */,
				510728122C1FD5D000EBF362 /* UserListView.swift */,
				5107281B2C1FDA1900EBF362 /* UserEditView.swift */,
				51AC5FB62C4326C400DF83F6 /* MissingUsersView.swift */,
				518AE7932D25F85D00F8D8E9 /* UserView.swift */,
				518AE7952D25F90000F8D8E9 /* UserGridView.swift */,
			);
			path = Users;
			sourceTree = "<group>";
		};
		510728162C1FD90900EBF362 /* Onboarding */ = {
			isa = PBXGroup;
			children = (
				518AE78A2D25EAE900F8D8E9 /* OnboardingView.swift */,
			);
			path = Onboarding;
			sourceTree = "<group>";
		};
		5107281D2C1FDF3400EBF362 /* DefaultPackingList */ = {
			isa = PBXGroup;
			children = (
				5132E84E2AE23AE7002575AC /* DefaultPackingListView.swift */,
				51C8BBA22C2BA1DB005D2B71 /* DefaultPackingViewListTypeSectionView.swift */,
				51623D752D489C84003E2BF5 /* PackingListFilterSection.swift */,
			);
			path = DefaultPackingList;
			sourceTree = "<group>";
		};
		5110C6412AFD7F76002742D0 /* PackingList */ = {
			isa = PBXGroup;
			children = (
				51C8BB962C2A7A13005D2B71 /* Single List */,
				5110C6442AFF4260002742D0 /* PackingViews */,
			);
			path = PackingList;
			sourceTree = "<group>";
		};
		5110C6422AFD7FA9002742D0 /* PackingListEdit */ = {
			isa = PBXGroup;
			children = (
				5110C63F2AFD7F45002742D0 /* PackingListEditView.swift */,
				5110C6492B033734002742D0 /* PackingListApplyDefaultView.swift */,
			);
			path = PackingListEdit;
			sourceTree = "<group>";
		};
		5110C6442AFF4260002742D0 /* PackingViews */ = {
			isa = PBXGroup;
			children = (
			);
			path = PackingViews;
			sourceTree = "<group>";
		};
		51289F0D2AD3B6CD00545115 = {
			isa = PBXGroup;
			children = (
				519A53032B4FACC200183CB1 /* ProductSuggestionModel.mlmodel */,
				51289F192AD3B6CD00545115 /* PackingHelperApp.swift */,
				51289F182AD3B6CD00545115 /* PackingHelper */,
				51289F1D2AD3B6CF00545115 /* Assets.xcassets */,
				51289F172AD3B6CD00545115 /* Products */,
				519B725C2ADB2D94009401C0 /* Frameworks */,
			);
			sourceTree = "<group>";
		};
		51289F172AD3B6CD00545115 /* Products */ = {
			isa = PBXGroup;
			children = (
				51289F162AD3B6CD00545115 /* PackingHelper.app */,
			);
			name = Products;
			sourceTree = "<group>";
		};
		51289F182AD3B6CD00545115 /* PackingHelper */ = {
			isa = PBXGroup;
			children = (
				51C8BB8C2C2A67F7005D2B71 /* PackingHelper.storekit */,
				51AC5FC12C4751F100DF83F6 /* Packing Helper.storekit */,
				510728212C212D5500EBF362 /* Info.plist */,
				519C8AAE2BFEEB4D0008B1B0 /* PackingHelper.entitlements */,
				51289F1F2AD3B6CF00545115 /* Preview Content */,
				515B85A42AD8D1AF002D614F /* PackingEngine */,
				515B85982AD76930002D614F /* Utilities */,
				51289F2F2AD4EA5200545115 /* Models */,
				5110C6352AE5DE7D002742D0 /* FeatureFlags.swift */,
				51289F292AD4E16D00545115 /* Views */,
			);
			path = PackingHelper;
			sourceTree = "<group>";
		};
		51289F1F2AD3B6CF00545115 /* Preview Content */ = {
			isa = PBXGroup;
			children = (
				515B85992AD7693C002D614F /* PreviewContainer.swift */,
				51289F202AD3B6CF00545115 /* Preview Assets.xcassets */,
			);
			path = "Preview Content";
			sourceTree = "<group>";
		};
		51289F292AD4E16D00545115 /* Views */ = {
			isa = PBXGroup;
			children = (
				51289F1B2AD3B6CD00545115 /* ContentView.swift */,
				51C8BBB52C30DBB6005D2B71 /* Model Views */,
				51C8BBA42C2BA360005D2B71 /* General */,
				510728162C1FD90900EBF362 /* Onboarding */,
				5134EC682C06C72E00862E19 /* Weather */,
				51C8BB782C287F68005D2B71 /* Settings */,
				51AC5FCE2C48ACB300DF83F6 /* Shop */,
			);
			path = Views;
			sourceTree = "<group>";
		};
		51289F2A2AD4E17400545115 /* TripDetail */ = {
			isa = PBXGroup;
			children = (
				51C8BB812C2A5840005D2B71 /* TripDetailHelpers */,
				51289F272AD4DDA500545115 /* TripDetailView.swift */,
				5134EC6D2C08177D00862E19 /* TripDetailSectionView.swift */,
				51748B642AE0D514009E919B /* TripDetailHeroView.swift */,
				5132E84B2AE22CA2002575AC /* TripDetailInfoView.swift */,
				5134EC662C05904100862E19 /* TripDetailForecastView.swift */,
				51289F2D2AD4E65800545115 /* TripDetailOverlay.swift */,
				515B859D2AD76F64002D614F /* TripDetailPackingView.swift */,
				515B85A02AD76F97002D614F /* Sheets */,
			);
			path = TripDetail;
			sourceTree = "<group>";
		};
		51289F2F2AD4EA5200545115 /* Models */ = {
			isa = PBXGroup;
			children = (
				51C8BB622C234A5F005D2B71 /* Previews */,
				51289F302AD4EA5A00545115 /* Trip.swift */,
				515B85AC2AD8FF45002D614F /* TripLocation.swift */,
				519B72582ADA1BF7009401C0 /* PackingList.swift */,
				5110C6392AE5E5A6002742D0 /* Item.swift */,
				5134EC742C0EAF8E00862E19 /* User.swift */,
				51C8BB752C287A60005D2B71 /* Preferences.swift */,
			);
			path = Models;
			sourceTree = "<group>";
		};
		5132E8482AE22808002575AC /* PackingList */ = {
			isa = PBXGroup;
			children = (
				51C8BB702C25220C005D2B71 /* PackingListDetailEdit */,
				5110C6422AFD7FA9002742D0 /* PackingListEdit */,
				5110C6412AFD7F76002742D0 /* PackingList */,
				51748B572ADCF46E009E919B /* PackingRecommendationView.swift */,
			);
			path = PackingList;
			sourceTree = "<group>";
		};
		5134EC682C06C72E00862E19 /* Weather */ = {
			isa = PBXGroup;
			children = (
			);
			path = Weather;
			sourceTree = "<group>";
		};
		515B85982AD76930002D614F /* Utilities */ = {
			isa = PBXGroup;
			children = (
				51C8BBA72C2CE737005D2B71 /* ColorUtilities.swift */,
				515B85AA2AD8D395002D614F /* LocationService.swift */,
				5110C6312AE5B028002742D0 /* CalendarUtilities.swift */,
				51466B332ADB3EA200258ABB /* TransitionUtilities.swift */,
				51748B662AE0DA53009E919B /* ViewModifierUtilities.swift */,
				5110C6332AE5DA70002742D0 /* StyleUtilities.swift */,
				5110C63B2AE75F55002742D0 /* NotificationUtilities.swift */,
				519C8AAF2BFEEFE10008B1B0 /* WeatherUtilities.swift */,
				51C8BBAF2C30799F005D2B71 /* LoggerUtilities.swift */,
				51AC5FBF2C4749BF00DF83F6 /* PurchaseManager.swift */,
				51623D7F2D4C5A8F003E2BF5 /* SortOrder.swift */,
			);
			path = Utilities;
			sourceTree = "<group>";
		};
		515B85A02AD76F97002D614F /* Sheets */ = {
			isa = PBXGroup;
			children = (
				51289F2B2AD4E19B00545115 /* TripDetailSheet.swift */,
				515B859B2AD76F4C002D614F /* TripSettingsSheet.swift */,
			);
			path = Sheets;
			sourceTree = "<group>";
		};
		515B85A42AD8D1AF002D614F /* PackingEngine */ = {
			isa = PBXGroup;
			children = (
				51748B522ADCF368009E919B /* PackingEngineCore.swift */,
			);
			path = PackingEngine;
			sourceTree = "<group>";
		};
		51748B542ADCF405009E919B /* TripList */ = {
			isa = PBXGroup;
			children = (
				519B72562ADA06C3009401C0 /* TripListView.swift */,
				519B725A2ADA3535009401C0 /* TripListRowView.swift */,
				51748B5F2ADF8367009E919B /* TripListScrollView.swift */,
			);
			path = TripList;
			sourceTree = "<group>";
		};
		51748B552ADCF410009E919B /* Trip */ = {
			isa = PBXGroup;
			children = (
				51289F2A2AD4E17400545115 /* TripDetail */,
				51748B562ADCF439009E919B /* TripEdit */,
				51748B542ADCF405009E919B /* TripList */,
			);
			path = Trip;
			sourceTree = "<group>";
		};
		51748B562ADCF439009E919B /* TripEdit */ = {
			isa = PBXGroup;
			children = (
				515B85A12AD77273002D614F /* TripEditView.swift */,
				515B85A82AD8D28E002D614F /* LocationSelectionView.swift */,
				51F1B3B62C003A8D009305F9 /* LocationSelectionBoxView.swift */,
			);
			path = TripEdit;
			sourceTree = "<group>";
		};
		518AE78C2D25EC5D00F8D8E9 /* Developer */ = {
			isa = PBXGroup;
			children = (
				518AE78F2D25EC6F00F8D8E9 /* DeveloperMenu.swift */,
			);
			path = Developer;
			sourceTree = "<group>";
		};
		518AE7912D25F81900F8D8E9 /* Components */ = {
			isa = PBXGroup;
			children = (
				518AE7922D25F82100F8D8E9 /* UserList */,
				51C8BB882C2A5C2B005D2B71 /* UserPickerBaseView.swift */,
			);
			path = Components;
			sourceTree = "<group>";
		};
		518AE7922D25F82100F8D8E9 /* UserList */ = {
			isa = PBXGroup;
			children = (
				5107281F2C21297C00EBF362 /* UserListRowView.swift */,
			);
			path = UserList;
			sourceTree = "<group>";
		};
		519B725C2ADB2D94009401C0 /* Frameworks */ = {
			isa = PBXGroup;
			children = (
				51C8BB8E2C2A68E8005D2B71 /* StoreKit.framework */,
				519B725D2ADB2D94009401C0 /* Symbols.framework */,
			);
			name = Frameworks;
			sourceTree = "<group>";
		};
		51C8BB622C234A5F005D2B71 /* Previews */ = {
			isa = PBXGroup;
			children = (
				51C8BB652C234A77005D2B71 /* SampleData.swift */,
			);
			path = Previews;
			sourceTree = "<group>";
		};
		51C8BB6D2C251F45005D2B71 /* Item */ = {
			isa = PBXGroup;
			children = (
				51C8BB6E2C251F4E005D2B71 /* EditItemView.swift */,
			);
			path = Item;
			sourceTree = "<group>";
		};
		51C8BB702C25220C005D2B71 /* PackingListDetailEdit */ = {
			isa = PBXGroup;
			children = (
				51C8BB992C2A7A69005D2B71 /* Shared */,
				51C8BB982C2A7A56005D2B71 /* Multi List */,
				51C8BB972C2A7A4E005D2B71 /* Single List */,
			);
			path = PackingListDetailEdit;
			sourceTree = "<group>";
		};
		51C8BB712C252231005D2B71 /* AddItem */ = {
			isa = PBXGroup;
			children = (
				51C8BB6B2C251EDB005D2B71 /* PackingAddItemCountPickerView.swift */,
				5132E8492AE22837002575AC /* PackingAddItemView.swift */,
				51C8BBAB2C2F77C9005D2B71 /* PackingAddItemForGroupView.swift */,
			);
			path = AddItem;
			sourceTree = "<group>";
		};
		51C8BB812C2A5840005D2B71 /* TripDetailHelpers */ = {
			isa = PBXGroup;
			children = (
				51C8BB822C2A5860005D2B71 /* TripDetailPackingProgressView.swift */,
				51C8BB862C2A58B1005D2B71 /* TripDetailPackingGaugeRowView.swift */,
			);
			path = TripDetailHelpers;
			sourceTree = "<group>";
		};
		51C8BB962C2A7A13005D2B71 /* Single List */ = {
			isa = PBXGroup;
			children = (
				51748B592ADE3B45009E919B /* PackingListDetailView.swift */,
				5134EC692C06CD3300862E19 /* PackingListSelectionView.swift */,
				5134EC6B2C06D90A00862E19 /* PackingListPillView.swift */,
				51AC5FD52C4CA10600DF83F6 /* PackingListRowView.swift */,
			);
			path = "Single List";
			sourceTree = "<group>";
		};
		51C8BB972C2A7A4E005D2B71 /* Single List */ = {
			isa = PBXGroup;
			children = (
				51C8BB672C250304005D2B71 /* PackingListDetailEditView.swift */,
				51C8BB722C25234F005D2B71 /* PackingListDetailItemListView.swift */,
			);
			path = "Single List";
			sourceTree = "<group>";
		};
		51C8BB982C2A7A56005D2B71 /* Multi List */ = {
			isa = PBXGroup;
			children = (
				518AE7972D262D5400F8D8E9 /* UnifiedPackingView.swift */,
				51AC5FB12C31B23400DF83F6 /* MultipackView.swift */,
				51AC5FAF2C31140600DF83F6 /* MultipackListView.swift */,
				51C8BB9A2C2A7B43005D2B71 /* MultipackListRowView.swift */,
				51C8BBB32C309A31005D2B71 /* MultipackFilterAndSortMenu.swift */,
			);
			path = "Multi List";
			sourceTree = "<group>";
		};
		51C8BB992C2A7A69005D2B71 /* Shared */ = {
			isa = PBXGroup;
			children = (
				51C8BB692C250666005D2B71 /* PackingListDetailEditTabBarView.swift */,
				5110C6372AE5E378002742D0 /* PackingListDetailEditRowView.swift */,
				51C8BB712C252231005D2B71 /* AddItem */,
				51AC5FB32C31B47F00DF83F6 /* CreateListMenu.swift */,
			);
			path = Shared;
			sourceTree = "<group>";
		};
		51C8BBA42C2BA360005D2B71 /* General */ = {
			isa = PBXGroup;
			children = (
				518AE78C2D25EC5D00F8D8E9 /* Developer */,
				51C8BBA52C2BA372005D2B71 /* CollapsibleSection.swift */,
				51C8BBA92C2D08B7005D2B71 /* UserColorPicker.swift */,
				51AC5FC62C476F2900DF83F6 /* SubscriptionAwareButton.swift */,
			);
			path = General;
			sourceTree = "<group>";
		};
		51C8BBB52C30DBB6005D2B71 /* Model Views */ = {
			isa = PBXGroup;
			children = (
				51C8BB6D2C251F45005D2B71 /* Item */,
				5107281D2C1FDF3400EBF362 /* DefaultPackingList */,
				5107280F2C1FD46700EBF362 /* Users */,
				5132E8482AE22808002575AC /* PackingList */,
				51748B552ADCF410009E919B /* Trip */,
			);
			path = "Model Views";
			sourceTree = "<group>";
		};
/* End PBXGroup section */

/* Begin PBXNativeTarget section */
		51289F152AD3B6CD00545115 /* PackingHelper */ = {
			isa = PBXNativeTarget;
			buildConfigurationList = 51289F242AD3B6CF00545115 /* Build configuration list for PBXNativeTarget "PackingHelper" */;
			buildPhases = (
				51289F122AD3B6CD00545115 /* Sources */,
				51289F132AD3B6CD00545115 /* Frameworks */,
				51289F142AD3B6CD00545115 /* Resources */,
			);
			buildRules = (
			);
			dependencies = (
			);
			name = PackingHelper;
			packageProductDependencies = (
				51AC5FB92C47483600DF83F6 /* RevenueCat */,
				51AC5FBB2C47483600DF83F6 /* RevenueCatUI */,
			);
			productName = PackingHelper;
			productReference = 51289F162AD3B6CD00545115 /* PackingHelper.app */;
			productType = "com.apple.product-type.application";
		};
/* End PBXNativeTarget section */

/* Begin PBXProject section */
		51289F0E2AD3B6CD00545115 /* Project object */ = {
			isa = PBXProject;
			attributes = {
				BuildIndependentTargetsInParallel = 1;
				KnownAssetTags = (
					New,
				);
				LastSwiftUpdateCheck = 1500;
				LastUpgradeCheck = 1500;
				TargetAttributes = {
					51289F152AD3B6CD00545115 = {
						CreatedOnToolsVersion = 15.0;
					};
				};
			};
			buildConfigurationList = 51289F112AD3B6CD00545115 /* Build configuration list for PBXProject "PackingHelper" */;
			compatibilityVersion = "Xcode 15.3";
			developmentRegion = en;
			hasScannedForEncodings = 0;
			knownRegions = (
				en,
				Base,
			);
			mainGroup = 51289F0D2AD3B6CD00545115;
			packageReferences = (
				51AC5FB82C47483600DF83F6 /* XCRemoteSwiftPackageReference "purchases-ios-spm" */,
			);
			productRefGroup = 51289F172AD3B6CD00545115 /* Products */;
			projectDirPath = "";
			projectRoot = "";
			targets = (
				51289F152AD3B6CD00545115 /* PackingHelper */,
			);
		};
/* End PBXProject section */

/* Begin PBXResourcesBuildPhase section */
		51289F142AD3B6CD00545115 /* Resources */ = {
			isa = PBXResourcesBuildPhase;
			buildActionMask = 2147483647;
			files = (
				51289F212AD3B6CF00545115 /* Preview Assets.xcassets in Resources */,
				51289F1E2AD3B6CF00545115 /* Assets.xcassets in Resources */,
				51C8BB8D2C2A67F7005D2B71 /* PackingHelper.storekit in Resources */,
				51AC5FC22C4751F100DF83F6 /* Packing Helper.storekit in Resources */,
			);
			runOnlyForDeploymentPostprocessing = 0;
		};
/* End PBXResourcesBuildPhase section */

/* Begin PBXSourcesBuildPhase section */
		51289F122AD3B6CD00545115 /* Sources */ = {
			isa = PBXSourcesBuildPhase;
			buildActionMask = 2147483647;
			files = (
				51C8BBA32C2BA1DB005D2B71 /* DefaultPackingViewListTypeSectionView.swift in Sources */,
				5110C6432AFD81C8002742D0 /* PackingListDetailView.swift in Sources */,
				51289F312AD4EA5A00545115 /* Trip.swift in Sources */,
				51748B582ADCF46E009E919B /* PackingRecommendationView.swift in Sources */,
				51AC5FC02C4749BF00DF83F6 /* PurchaseManager.swift in Sources */,
				5132E84F2AE23AE7002575AC /* DefaultPackingListView.swift in Sources */,
				51289F1C2AD3B6CD00545115 /* ContentView.swift in Sources */,
				51748B532ADCF368009E919B /* PackingEngineCore.swift in Sources */,
				51AC5FB22C31B23400DF83F6 /* MultipackView.swift in Sources */,
				51289F1A2AD3B6CD00545115 /* PackingHelperApp.swift in Sources */,
				515B85AD2AD8FF45002D614F /* TripLocation.swift in Sources */,
				51C8BB662C234A77005D2B71 /* SampleData.swift in Sources */,
				51748B652AE0D514009E919B /* TripDetailHeroView.swift in Sources */,
				51289F2E2AD4E65800545115 /* TripDetailOverlay.swift in Sources */,
				515B859C2AD76F4C002D614F /* TripSettingsSheet.swift in Sources */,
				51C8BB6F2C251F4E005D2B71 /* EditItemView.swift in Sources */,
				51F1B3B72C003A8D009305F9 /* LocationSelectionBoxView.swift in Sources */,
				51AC5FB42C31B47F00DF83F6 /* CreateListMenu.swift in Sources */,
				51AC5FB02C31140600DF83F6 /* MultipackListView.swift in Sources */,
				51C8BB682C250304005D2B71 /* PackingListDetailEditView.swift in Sources */,
				5110C6382AE5E378002742D0 /* PackingListDetailEditRowView.swift in Sources */,
				518AE7902D25EC6F00F8D8E9 /* DeveloperMenu.swift in Sources */,
				51C8BB732C25234F005D2B71 /* PackingListDetailItemListView.swift in Sources */,
				519B72592ADA1BF7009401C0 /* PackingList.swift in Sources */,
				51C8BBB42C309A31005D2B71 /* MultipackFilterAndSortMenu.swift in Sources */,
				51AC5FB72C4326C400DF83F6 /* MissingUsersView.swift in Sources */,
				51C8BB9B2C2A7B4C005D2B71 /* MultipackListRowView.swift in Sources */,
				51289F282AD4DDA500545115 /* TripDetailView.swift in Sources */,
				51C8BB762C287A60005D2B71 /* Preferences.swift in Sources */,
				518AE7982D262D5400F8D8E9 /* UnifiedPackingView.swift in Sources */,
				510728202C21297C00EBF362 /* UserListRowView.swift in Sources */,
				51C8BB6C2C251EDB005D2B71 /* PackingAddItemCountPickerView.swift in Sources */,
				5132E84A2AE22837002575AC /* PackingAddItemView.swift in Sources */,
				51748B672AE0DA53009E919B /* ViewModifierUtilities.swift in Sources */,
				5110C64A2B033734002742D0 /* PackingListApplyDefaultView.swift in Sources */,
				51C8BBA82C2CE73B005D2B71 /* ColorUtilities.swift in Sources */,
				51C8BB832C2A5860005D2B71 /* TripDetailPackingProgressView.swift in Sources */,
				51AC5FD62C4CA10600DF83F6 /* PackingListRowView.swift in Sources */,
				510728132C1FD5D000EBF362 /* UserListView.swift in Sources */,
				519B72572ADA06C3009401C0 /* TripListView.swift in Sources */,
				515B859A2AD7693C002D614F /* PreviewContainer.swift in Sources */,
				515B85A22AD77273002D614F /* TripEditView.swift in Sources */,
				51623D802D4C5A8F003E2BF5 /* SortOrder.swift in Sources */,
				51623D762D489C84003E2BF5 /* PackingListFilterSection.swift in Sources */,
				5134EC752C0EAF8E00862E19 /* User.swift in Sources */,
				518AE7962D25F90000F8D8E9 /* UserGridView.swift in Sources */,
				515B85A92AD8D28E002D614F /* LocationSelectionView.swift in Sources */,
				5107281C2C1FDA1900EBF362 /* UserEditView.swift in Sources */,
				5110C6362AE5DE7D002742D0 /* FeatureFlags.swift in Sources */,
				518AE7942D25F85D00F8D8E9 /* UserView.swift in Sources */,
				51466B342ADB3EA200258ABB /* TransitionUtilities.swift in Sources */,
				5110C6402AFD7F45002742D0 /* PackingListEditView.swift in Sources */,
				5110C6322AE5B028002742D0 /* CalendarUtilities.swift in Sources */,
				51C8BBAC2C2F77C9005D2B71 /* PackingAddItemForGroupView.swift in Sources */,
				51C8BB892C2A5C2B005D2B71 /* UserPickerBaseView.swift in Sources */,
				51C8BBA62C2BA372005D2B71 /* CollapsibleSection.swift in Sources */,
				5110C6342AE5DA70002742D0 /* StyleUtilities.swift in Sources */,
				5134EC6C2C06D90A00862E19 /* PackingListPillView.swift in Sources */,
				510728112C1FD47300EBF362 /* UserPickerView.swift in Sources */,
				51C8BBB02C30799F005D2B71 /* LoggerUtilities.swift in Sources */,
				519A53042B4FACC200183CB1 /* ProductSuggestionModel.mlmodel in Sources */,
				51C8BB6A2C250666005D2B71 /* PackingListDetailEditTabBarView.swift in Sources */,
				5110C63C2AE75F55002742D0 /* NotificationUtilities.swift in Sources */,
				515B85AB2AD8D395002D614F /* LocationService.swift in Sources */,
				518AE78B2D25EAEE00F8D8E9 /* OnboardingView.swift in Sources */,
				5132E84C2AE22CA2002575AC /* TripDetailInfoView.swift in Sources */,
				5110C63A2AE5E5A6002742D0 /* Item.swift in Sources */,
				51AC5FC72C476F2900DF83F6 /* SubscriptionAwareButton.swift in Sources */,
				51748B602ADF8367009E919B /* TripListScrollView.swift in Sources */,
				5134EC672C05904100862E19 /* TripDetailForecastView.swift in Sources */,
				515B859E2AD76F64002D614F /* TripDetailPackingView.swift in Sources */,
				519B725B2ADA3535009401C0 /* TripListRowView.swift in Sources */,
				5134EC6E2C08177D00862E19 /* TripDetailSectionView.swift in Sources */,
				51289F2C2AD4E19B00545115 /* TripDetailSheet.swift in Sources */,
				51C8BB872C2A58B1005D2B71 /* TripDetailPackingGaugeRowView.swift in Sources */,
				519C8AB02BFEEFE10008B1B0 /* WeatherUtilities.swift in Sources */,
				5134EC6A2C06CD3300862E19 /* PackingListSelectionView.swift in Sources */,
				51C8BBAA2C2D08B7005D2B71 /* UserColorPicker.swift in Sources */,
			);
			runOnlyForDeploymentPostprocessing = 0;
		};
/* End PBXSourcesBuildPhase section */

/* Begin XCBuildConfiguration section */
		51289F222AD3B6CF00545115 /* Debug */ = {
			isa = XCBuildConfiguration;
			buildSettings = {
				ALWAYS_SEARCH_USER_PATHS = NO;
				ASSETCATALOG_COMPILER_GENERATE_SWIFT_ASSET_SYMBOL_EXTENSIONS = YES;
				CLANG_ANALYZER_NONNULL = YES;
				CLANG_ANALYZER_NUMBER_OBJECT_CONVERSION = YES_AGGRESSIVE;
				CLANG_CXX_LANGUAGE_STANDARD = "gnu++20";
				CLANG_ENABLE_MODULES = YES;
				CLANG_ENABLE_OBJC_ARC = YES;
				CLANG_ENABLE_OBJC_WEAK = YES;
				CLANG_WARN_BLOCK_CAPTURE_AUTORELEASING = YES;
				CLANG_WARN_BOOL_CONVERSION = YES;
				CLANG_WARN_COMMA = YES;
				CLANG_WARN_CONSTANT_CONVERSION = YES;
				CLANG_WARN_DEPRECATED_OBJC_IMPLEMENTATIONS = YES;
				CLANG_WARN_DIRECT_OBJC_ISA_USAGE = YES_ERROR;
				CLANG_WARN_DOCUMENTATION_COMMENTS = YES;
				CLANG_WARN_EMPTY_BODY = YES;
				CLANG_WARN_ENUM_CONVERSION = YES;
				CLANG_WARN_INFINITE_RECURSION = YES;
				CLANG_WARN_INT_CONVERSION = YES;
				CLANG_WARN_NON_LITERAL_NULL_CONVERSION = YES;
				CLANG_WARN_OBJC_IMPLICIT_RETAIN_SELF = YES;
				CLANG_WARN_OBJC_LITERAL_CONVERSION = YES;
				CLANG_WARN_OBJC_ROOT_CLASS = YES_ERROR;
				CLANG_WARN_QUOTED_INCLUDE_IN_FRAMEWORK_HEADER = YES;
				CLANG_WARN_RANGE_LOOP_ANALYSIS = YES;
				CLANG_WARN_STRICT_PROTOTYPES = YES;
				CLANG_WARN_SUSPICIOUS_MOVE = YES;
				CLANG_WARN_UNGUARDED_AVAILABILITY = YES_AGGRESSIVE;
				CLANG_WARN_UNREACHABLE_CODE = YES;
				CLANG_WARN__DUPLICATE_METHOD_MATCH = YES;
				COPY_PHASE_STRIP = NO;
				DEBUG_INFORMATION_FORMAT = dwarf;
				ENABLE_STRICT_OBJC_MSGSEND = YES;
				ENABLE_TESTABILITY = YES;
				ENABLE_USER_SCRIPT_SANDBOXING = YES;
				GCC_C_LANGUAGE_STANDARD = gnu17;
				GCC_DYNAMIC_NO_PIC = NO;
				GCC_NO_COMMON_BLOCKS = YES;
				GCC_OPTIMIZATION_LEVEL = 0;
				GCC_PREPROCESSOR_DEFINITIONS = (
					"DEBUG=1",
					"$(inherited)",
				);
				GCC_WARN_64_TO_32_BIT_CONVERSION = YES;
				GCC_WARN_ABOUT_RETURN_TYPE = YES_ERROR;
				GCC_WARN_UNDECLARED_SELECTOR = YES;
				GCC_WARN_UNINITIALIZED_AUTOS = YES_AGGRESSIVE;
				GCC_WARN_UNUSED_FUNCTION = YES;
				GCC_WARN_UNUSED_VARIABLE = YES;
				IPHONEOS_DEPLOYMENT_TARGET = 17.0;
				LOCALIZATION_PREFERS_STRING_CATALOGS = YES;
				MTL_ENABLE_DEBUG_INFO = INCLUDE_SOURCE;
				MTL_FAST_MATH = YES;
				ONLY_ACTIVE_ARCH = YES;
				SDKROOT = iphoneos;
				SWIFT_ACTIVE_COMPILATION_CONDITIONS = "DEBUG $(inherited)";
				SWIFT_OPTIMIZATION_LEVEL = "-Onone";
			};
			name = Debug;
		};
		51289F232AD3B6CF00545115 /* Release */ = {
			isa = XCBuildConfiguration;
			buildSettings = {
				ALWAYS_SEARCH_USER_PATHS = NO;
				ASSETCATALOG_COMPILER_GENERATE_SWIFT_ASSET_SYMBOL_EXTENSIONS = YES;
				CLANG_ANALYZER_NONNULL = YES;
				CLANG_ANALYZER_NUMBER_OBJECT_CONVERSION = YES_AGGRESSIVE;
				CLANG_CXX_LANGUAGE_STANDARD = "gnu++20";
				CLANG_ENABLE_MODULES = YES;
				CLANG_ENABLE_OBJC_ARC = YES;
				CLANG_ENABLE_OBJC_WEAK = YES;
				CLANG_WARN_BLOCK_CAPTURE_AUTORELEASING = YES;
				CLANG_WARN_BOOL_CONVERSION = YES;
				CLANG_WARN_COMMA = YES;
				CLANG_WARN_CONSTANT_CONVERSION = YES;
				CLANG_WARN_DEPRECATED_OBJC_IMPLEMENTATIONS = YES;
				CLANG_WARN_DIRECT_OBJC_ISA_USAGE = YES_ERROR;
				CLANG_WARN_DOCUMENTATION_COMMENTS = YES;
				CLANG_WARN_EMPTY_BODY = YES;
				CLANG_WARN_ENUM_CONVERSION = YES;
				CLANG_WARN_INFINITE_RECURSION = YES;
				CLANG_WARN_INT_CONVERSION = YES;
				CLANG_WARN_NON_LITERAL_NULL_CONVERSION = YES;
				CLANG_WARN_OBJC_IMPLICIT_RETAIN_SELF = YES;
				CLANG_WARN_OBJC_LITERAL_CONVERSION = YES;
				CLANG_WARN_OBJC_ROOT_CLASS = YES_ERROR;
				CLANG_WARN_QUOTED_INCLUDE_IN_FRAMEWORK_HEADER = YES;
				CLANG_WARN_RANGE_LOOP_ANALYSIS = YES;
				CLANG_WARN_STRICT_PROTOTYPES = YES;
				CLANG_WARN_SUSPICIOUS_MOVE = YES;
				CLANG_WARN_UNGUARDED_AVAILABILITY = YES_AGGRESSIVE;
				CLANG_WARN_UNREACHABLE_CODE = YES;
				CLANG_WARN__DUPLICATE_METHOD_MATCH = YES;
				COPY_PHASE_STRIP = NO;
				DEBUG_INFORMATION_FORMAT = "dwarf-with-dsym";
				ENABLE_NS_ASSERTIONS = NO;
				ENABLE_STRICT_OBJC_MSGSEND = YES;
				ENABLE_USER_SCRIPT_SANDBOXING = YES;
				GCC_C_LANGUAGE_STANDARD = gnu17;
				GCC_NO_COMMON_BLOCKS = YES;
				GCC_WARN_64_TO_32_BIT_CONVERSION = YES;
				GCC_WARN_ABOUT_RETURN_TYPE = YES_ERROR;
				GCC_WARN_UNDECLARED_SELECTOR = YES;
				GCC_WARN_UNINITIALIZED_AUTOS = YES_AGGRESSIVE;
				GCC_WARN_UNUSED_FUNCTION = YES;
				GCC_WARN_UNUSED_VARIABLE = YES;
				IPHONEOS_DEPLOYMENT_TARGET = 17.0;
				LOCALIZATION_PREFERS_STRING_CATALOGS = YES;
				MTL_ENABLE_DEBUG_INFO = NO;
				MTL_FAST_MATH = YES;
				SDKROOT = iphoneos;
				SWIFT_COMPILATION_MODE = wholemodule;
				VALIDATE_PRODUCT = YES;
			};
			name = Release;
		};
		51289F252AD3B6CF00545115 /* Debug */ = {
			isa = XCBuildConfiguration;
			buildSettings = {
				ASSETCATALOG_COMPILER_APPICON_NAME = AppIcon3;
				ASSETCATALOG_COMPILER_GLOBAL_ACCENT_COLOR_NAME = AccentColor;
				CODE_SIGN_ENTITLEMENTS = PackingHelper/PackingHelper.entitlements;
				CODE_SIGN_IDENTITY = "Apple Development";
				CODE_SIGN_STYLE = Automatic;
				CURRENT_PROJECT_VERSION = 1;
				DEVELOPMENT_ASSET_PATHS = "\"PackingHelper/Preview Content\"";
				DEVELOPMENT_TEAM = 49K677HL7Z;
				ENABLE_PREVIEWS = YES;
				GENERATE_INFOPLIST_FILE = YES;
				INFOPLIST_FILE = PackingHelper/Info.plist;
				INFOPLIST_KEY_CFBundleDisplayName = "Packing Helper";
				INFOPLIST_KEY_LSApplicationCategoryType = "public.app-category.travel";
				INFOPLIST_KEY_UIApplicationSceneManifest_Generation = YES;
				INFOPLIST_KEY_UIApplicationSupportsIndirectInputEvents = YES;
				INFOPLIST_KEY_UILaunchScreen_Generation = YES;
				INFOPLIST_KEY_UISupportedInterfaceOrientations = UIInterfaceOrientationPortrait;
				INFOPLIST_KEY_UISupportedInterfaceOrientations_iPad = "UIInterfaceOrientationLandscapeLeft UIInterfaceOrientationLandscapeRight UIInterfaceOrientationPortrait UIInterfaceOrientationPortraitUpsideDown";
				LD_RUNPATH_SEARCH_PATHS = (
					"$(inherited)",
					"@executable_path/Frameworks",
				);
				MARKETING_VERSION = 1.0;
				"OTHER_SWIFT_FLAGS[arch=*]" = "";
				PRODUCT_BUNDLE_IDENTIFIER = com.toddlouison.PackingHelper;
				PRODUCT_NAME = "$(TARGET_NAME)";
				PROVISIONING_PROFILE_SPECIFIER = "";
				SWIFT_EMIT_LOC_STRINGS = YES;
				SWIFT_VERSION = 5.0;
				TARGETED_DEVICE_FAMILY = "1,2";
			};
			name = Debug;
		};
		51289F262AD3B6CF00545115 /* Release */ = {
			isa = XCBuildConfiguration;
			buildSettings = {
				ASSETCATALOG_COMPILER_APPICON_NAME = AppIcon3;
				ASSETCATALOG_COMPILER_GLOBAL_ACCENT_COLOR_NAME = AccentColor;
				CODE_SIGN_ENTITLEMENTS = PackingHelper/PackingHelper.entitlements;
				CODE_SIGN_IDENTITY = "Apple Development";
				CODE_SIGN_STYLE = Automatic;
				CURRENT_PROJECT_VERSION = 1;
				DEVELOPMENT_ASSET_PATHS = "\"PackingHelper/Preview Content\"";
				DEVELOPMENT_TEAM = 49K677HL7Z;
				ENABLE_PREVIEWS = YES;
				GENERATE_INFOPLIST_FILE = YES;
				INFOPLIST_FILE = PackingHelper/Info.plist;
				INFOPLIST_KEY_CFBundleDisplayName = "Packing Helper";
				INFOPLIST_KEY_LSApplicationCategoryType = "public.app-category.travel";
				INFOPLIST_KEY_UIApplicationSceneManifest_Generation = YES;
				INFOPLIST_KEY_UIApplicationSupportsIndirectInputEvents = YES;
				INFOPLIST_KEY_UILaunchScreen_Generation = YES;
				INFOPLIST_KEY_UISupportedInterfaceOrientations = UIInterfaceOrientationPortrait;
				INFOPLIST_KEY_UISupportedInterfaceOrientations_iPad = "UIInterfaceOrientationLandscapeLeft UIInterfaceOrientationLandscapeRight UIInterfaceOrientationPortrait UIInterfaceOrientationPortraitUpsideDown";
				LD_RUNPATH_SEARCH_PATHS = (
					"$(inherited)",
					"@executable_path/Frameworks",
				);
				MARKETING_VERSION = 1.0;
				PRODUCT_BUNDLE_IDENTIFIER = com.toddlouison.PackingHelper;
				PRODUCT_NAME = "$(TARGET_NAME)";
				PROVISIONING_PROFILE_SPECIFIER = "";
				SWIFT_EMIT_LOC_STRINGS = YES;
				SWIFT_VERSION = 5.0;
				TARGETED_DEVICE_FAMILY = "1,2";
			};
			name = Release;
		};
/* End XCBuildConfiguration section */

/* Begin XCConfigurationList section */
		51289F112AD3B6CD00545115 /* Build configuration list for PBXProject "PackingHelper" */ = {
			isa = XCConfigurationList;
			buildConfigurations = (
				51289F222AD3B6CF00545115 /* Debug */,
				51289F232AD3B6CF00545115 /* Release */,
			);
			defaultConfigurationIsVisible = 0;
			defaultConfigurationName = Release;
		};
		51289F242AD3B6CF00545115 /* Build configuration list for PBXNativeTarget "PackingHelper" */ = {
			isa = XCConfigurationList;
			buildConfigurations = (
				51289F252AD3B6CF00545115 /* Debug */,
				51289F262AD3B6CF00545115 /* Release */,
			);
			defaultConfigurationIsVisible = 0;
			defaultConfigurationName = Release;
		};
/* End XCConfigurationList section */

/* Begin XCRemoteSwiftPackageReference section */
		51AC5FB82C47483600DF83F6 /* XCRemoteSwiftPackageReference "purchases-ios-spm" */ = {
			isa = XCRemoteSwiftPackageReference;
			repositoryURL = "https://github.com/RevenueCat/purchases-ios-spm.git";
			requirement = {
				kind = upToNextMajorVersion;
				minimumVersion = 5.1.0;
			};
		};
/* End XCRemoteSwiftPackageReference section */

/* Begin XCSwiftPackageProductDependency section */
		51AC5FB92C47483600DF83F6 /* RevenueCat */ = {
			isa = XCSwiftPackageProductDependency;
			package = 51AC5FB82C47483600DF83F6 /* XCRemoteSwiftPackageReference "purchases-ios-spm" */;
			productName = RevenueCat;
		};
		51AC5FBB2C47483600DF83F6 /* RevenueCatUI */ = {
			isa = XCSwiftPackageProductDependency;
			package = 51AC5FB82C47483600DF83F6 /* XCRemoteSwiftPackageReference "purchases-ios-spm" */;
			productName = RevenueCatUI;
		};
/* End XCSwiftPackageProductDependency section */
	};
	rootObject = 51289F0E2AD3B6CD00545115 /* Project object */;
}
